// !$*UTF8*$!
{
	archiveVersion = 1;
	classes = {
	};
	objectVersion = 46;
	objects = {

/* Begin PBXBuildFile section */
		3723D2C41E9FCE9C00FDD397 /* Data.swift in Sources */ = {isa = PBXBuildFile; fileRef = 3723D2C31E9FCE9C00FDD397 /* Data.swift */; };
		374A92691EBA73C0003CCA80 /* LoginViewController.swift in Sources */ = {isa = PBXBuildFile; fileRef = 374A92681EBA73C0003CCA80 /* LoginViewController.swift */; };
		374A926B1EBB81DF003CCA80 /* REST.swift in Sources */ = {isa = PBXBuildFile; fileRef = 374A926A1EBB81DF003CCA80 /* REST.swift */; };
		374A926D1EBBBC42003CCA80 /* UserPageViewController.swift in Sources */ = {isa = PBXBuildFile; fileRef = 374A926C1EBBBC42003CCA80 /* UserPageViewController.swift */; };
		374A926F1EBBBE52003CCA80 /* UserDefaults.swift in Sources */ = {isa = PBXBuildFile; fileRef = 374A926E1EBBBE52003CCA80 /* UserDefaults.swift */; };
		374A92731EC21C9F003CCA80 /* Unity.xcconfig in Resources */ = {isa = PBXBuildFile; fileRef = 374A92721EC21C9F003CCA80 /* Unity.xcconfig */; };
		374AA2081EC24C6F003CCA80 /* CrashReporter.mm in Sources */ = {isa = PBXBuildFile; fileRef = 374A9B871EC24C62003CCA80 /* CrashReporter.mm */; };
		374AA2091EC24C6F003CCA80 /* iPhone_Sensors.mm in Sources */ = {isa = PBXBuildFile; fileRef = 374A9B891EC24C62003CCA80 /* iPhone_Sensors.mm */; };
		374AA20B1EC24C6F003CCA80 /* Bulk_Generics_0.cpp in Sources */ = {isa = PBXBuildFile; fileRef = 374A9B8C1EC24C62003CCA80 /* Bulk_Generics_0.cpp */; };
		374AA20C1EC24C6F003CCA80 /* Bulk_Generics_1.cpp in Sources */ = {isa = PBXBuildFile; fileRef = 374A9B8D1EC24C62003CCA80 /* Bulk_Generics_1.cpp */; };
		374AA20D1EC24C6F003CCA80 /* Bulk_Generics_2.cpp in Sources */ = {isa = PBXBuildFile; fileRef = 374A9B8E1EC24C62003CCA80 /* Bulk_Generics_2.cpp */; };
		374AA20E1EC24C6F003CCA80 /* Bulk_Generics_3.cpp in Sources */ = {isa = PBXBuildFile; fileRef = 374A9B8F1EC24C62003CCA80 /* Bulk_Generics_3.cpp */; };
		374AA20F1EC24C6F003CCA80 /* Bulk_Generics_4.cpp in Sources */ = {isa = PBXBuildFile; fileRef = 374A9B901EC24C62003CCA80 /* Bulk_Generics_4.cpp */; };
		374AA2101EC24C6F003CCA80 /* Bulk_Mono.Security_0.cpp in Sources */ = {isa = PBXBuildFile; fileRef = 374A9B911EC24C62003CCA80 /* Bulk_Mono.Security_0.cpp */; };
		374AA2111EC24C6F003CCA80 /* Bulk_Mono.Security_1.cpp in Sources */ = {isa = PBXBuildFile; fileRef = 374A9B921EC24C62003CCA80 /* Bulk_Mono.Security_1.cpp */; };
		374AA2121EC24C6F003CCA80 /* Bulk_mscorlib_0.cpp in Sources */ = {isa = PBXBuildFile; fileRef = 374A9B931EC24C62003CCA80 /* Bulk_mscorlib_0.cpp */; };
		374AA2131EC24C6F003CCA80 /* Bulk_mscorlib_1.cpp in Sources */ = {isa = PBXBuildFile; fileRef = 374A9B941EC24C62003CCA80 /* Bulk_mscorlib_1.cpp */; };
		374AA2141EC24C6F003CCA80 /* Bulk_mscorlib_2.cpp in Sources */ = {isa = PBXBuildFile; fileRef = 374A9B951EC24C62003CCA80 /* Bulk_mscorlib_2.cpp */; };
		374AA2151EC24C6F003CCA80 /* Bulk_mscorlib_3.cpp in Sources */ = {isa = PBXBuildFile; fileRef = 374A9B961EC24C62003CCA80 /* Bulk_mscorlib_3.cpp */; };
		374AA2161EC24C6F003CCA80 /* Bulk_mscorlib_4.cpp in Sources */ = {isa = PBXBuildFile; fileRef = 374A9B971EC24C62003CCA80 /* Bulk_mscorlib_4.cpp */; };
		374AA2171EC24C6F003CCA80 /* Bulk_mscorlib_5.cpp in Sources */ = {isa = PBXBuildFile; fileRef = 374A9B981EC24C62003CCA80 /* Bulk_mscorlib_5.cpp */; };
		374AA2181EC24C6F003CCA80 /* Bulk_mscorlib_6.cpp in Sources */ = {isa = PBXBuildFile; fileRef = 374A9B991EC24C62003CCA80 /* Bulk_mscorlib_6.cpp */; };
		374AA2191EC24C6F003CCA80 /* Bulk_mscorlib_7.cpp in Sources */ = {isa = PBXBuildFile; fileRef = 374A9B9A1EC24C62003CCA80 /* Bulk_mscorlib_7.cpp */; };
		374AA21A1EC24C6F003CCA80 /* Bulk_System.Core_0.cpp in Sources */ = {isa = PBXBuildFile; fileRef = 374A9B9B1EC24C62003CCA80 /* Bulk_System.Core_0.cpp */; };
		374AA21B1EC24C6F003CCA80 /* Bulk_System_0.cpp in Sources */ = {isa = PBXBuildFile; fileRef = 374A9B9C1EC24C62003CCA80 /* Bulk_System_0.cpp */; };
		374AA21C1EC24C6F003CCA80 /* Bulk_System_1.cpp in Sources */ = {isa = PBXBuildFile; fileRef = 374A9B9D1EC24C62003CCA80 /* Bulk_System_1.cpp */; };
		374AA21D1EC24C6F003CCA80 /* Bulk_UnityEngine_0.cpp in Sources */ = {isa = PBXBuildFile; fileRef = 374A9B9E1EC24C62003CCA80 /* Bulk_UnityEngine_0.cpp */; };
		374AA21E1EC24C6F003CCA80 /* Bulk_UnityEngine_1.cpp in Sources */ = {isa = PBXBuildFile; fileRef = 374A9B9F1EC24C62003CCA80 /* Bulk_UnityEngine_1.cpp */; };
		374AA21F1EC24C6F003CCA80 /* GenericMethods0.cpp in Sources */ = {isa = PBXBuildFile; fileRef = 374A9BA51EC24C62003CCA80 /* GenericMethods0.cpp */; };
		374AA2201EC24C6F003CCA80 /* Il2CppAttributes.cpp in Sources */ = {isa = PBXBuildFile; fileRef = 374A9BA61EC24C62003CCA80 /* Il2CppAttributes.cpp */; };
		374AA2211EC24C6F003CCA80 /* Il2CppCodeRegistration.cpp in Sources */ = {isa = PBXBuildFile; fileRef = 374A9BA71EC24C62003CCA80 /* Il2CppCodeRegistration.cpp */; };
		374AA2221EC24C6F003CCA80 /* Il2CppCompilerCalculateTypeValues_0Table.cpp in Sources */ = {isa = PBXBuildFile; fileRef = 374A9BA81EC24C62003CCA80 /* Il2CppCompilerCalculateTypeValues_0Table.cpp */; };
		374AA2231EC24C6F003CCA80 /* Il2CppCompilerCalculateTypeValues_10Table.cpp in Sources */ = {isa = PBXBuildFile; fileRef = 374A9BA91EC24C62003CCA80 /* Il2CppCompilerCalculateTypeValues_10Table.cpp */; };
		374AA2241EC24C6F003CCA80 /* Il2CppCompilerCalculateTypeValues_11Table.cpp in Sources */ = {isa = PBXBuildFile; fileRef = 374A9BAA1EC24C62003CCA80 /* Il2CppCompilerCalculateTypeValues_11Table.cpp */; };
		374AA2251EC24C6F003CCA80 /* Il2CppCompilerCalculateTypeValues_12Table.cpp in Sources */ = {isa = PBXBuildFile; fileRef = 374A9BAB1EC24C62003CCA80 /* Il2CppCompilerCalculateTypeValues_12Table.cpp */; };
		374AA2261EC24C6F003CCA80 /* Il2CppCompilerCalculateTypeValues_13Table.cpp in Sources */ = {isa = PBXBuildFile; fileRef = 374A9BAC1EC24C62003CCA80 /* Il2CppCompilerCalculateTypeValues_13Table.cpp */; };
		374AA2271EC24C6F003CCA80 /* Il2CppCompilerCalculateTypeValues_1Table.cpp in Sources */ = {isa = PBXBuildFile; fileRef = 374A9BAD1EC24C62003CCA80 /* Il2CppCompilerCalculateTypeValues_1Table.cpp */; };
		374AA2281EC24C6F003CCA80 /* Il2CppCompilerCalculateTypeValues_2Table.cpp in Sources */ = {isa = PBXBuildFile; fileRef = 374A9BAE1EC24C62003CCA80 /* Il2CppCompilerCalculateTypeValues_2Table.cpp */; };
		374AA2291EC24C6F003CCA80 /* Il2CppCompilerCalculateTypeValues_3Table.cpp in Sources */ = {isa = PBXBuildFile; fileRef = 374A9BAF1EC24C62003CCA80 /* Il2CppCompilerCalculateTypeValues_3Table.cpp */; };
		374AA22A1EC24C6F003CCA80 /* Il2CppCompilerCalculateTypeValues_4Table.cpp in Sources */ = {isa = PBXBuildFile; fileRef = 374A9BB01EC24C62003CCA80 /* Il2CppCompilerCalculateTypeValues_4Table.cpp */; };
		374AA22B1EC24C6F003CCA80 /* Il2CppCompilerCalculateTypeValues_5Table.cpp in Sources */ = {isa = PBXBuildFile; fileRef = 374A9BB11EC24C62003CCA80 /* Il2CppCompilerCalculateTypeValues_5Table.cpp */; };
		374AA22C1EC24C6F003CCA80 /* Il2CppCompilerCalculateTypeValues_6Table.cpp in Sources */ = {isa = PBXBuildFile; fileRef = 374A9BB21EC24C62003CCA80 /* Il2CppCompilerCalculateTypeValues_6Table.cpp */; };
		374AA22D1EC24C6F003CCA80 /* Il2CppCompilerCalculateTypeValues_7Table.cpp in Sources */ = {isa = PBXBuildFile; fileRef = 374A9BB31EC24C62003CCA80 /* Il2CppCompilerCalculateTypeValues_7Table.cpp */; };
		374AA22E1EC24C6F003CCA80 /* Il2CppCompilerCalculateTypeValues_8Table.cpp in Sources */ = {isa = PBXBuildFile; fileRef = 374A9BB41EC24C62003CCA80 /* Il2CppCompilerCalculateTypeValues_8Table.cpp */; };
		374AA22F1EC24C6F003CCA80 /* Il2CppCompilerCalculateTypeValues_9Table.cpp in Sources */ = {isa = PBXBuildFile; fileRef = 374A9BB51EC24C62003CCA80 /* Il2CppCompilerCalculateTypeValues_9Table.cpp */; };
		374AA2301EC24C6F003CCA80 /* Il2CppCompilerCalculateTypeValuesTable.cpp in Sources */ = {isa = PBXBuildFile; fileRef = 374A9BB61EC24C62003CCA80 /* Il2CppCompilerCalculateTypeValuesTable.cpp */; };
		374AA2311EC24C6F003CCA80 /* Il2CppGenericClassTable.cpp in Sources */ = {isa = PBXBuildFile; fileRef = 374A9BB71EC24C62003CCA80 /* Il2CppGenericClassTable.cpp */; };
		374AA2321EC24C6F003CCA80 /* Il2CppGenericComDefinitions0.cpp in Sources */ = {isa = PBXBuildFile; fileRef = 374A9BB81EC24C62003CCA80 /* Il2CppGenericComDefinitions0.cpp */; };
		374AA2331EC24C6F003CCA80 /* Il2CppGenericInstDefinitions.cpp in Sources */ = {isa = PBXBuildFile; fileRef = 374A9BB91EC24C62003CCA80 /* Il2CppGenericInstDefinitions.cpp */; };
		374AA2341EC24C6F003CCA80 /* Il2CppGenericMethodDefinitions.cpp in Sources */ = {isa = PBXBuildFile; fileRef = 374A9BBA1EC24C62003CCA80 /* Il2CppGenericMethodDefinitions.cpp */; };
		374AA2351EC24C6F003CCA80 /* Il2CppGenericMethodPointerTable.cpp in Sources */ = {isa = PBXBuildFile; fileRef = 374A9BBB1EC24C62003CCA80 /* Il2CppGenericMethodPointerTable.cpp */; };
		374AA2361EC24C6F003CCA80 /* Il2CppGenericMethodTable.cpp in Sources */ = {isa = PBXBuildFile; fileRef = 374A9BBC1EC24C62003CCA80 /* Il2CppGenericMethodTable.cpp */; };
		374AA2371EC24C6F003CCA80 /* Il2CppInteropDataTable.cpp in Sources */ = {isa = PBXBuildFile; fileRef = 374A9BBD1EC24C62003CCA80 /* Il2CppInteropDataTable.cpp */; };
		374AA2381EC24C6F003CCA80 /* Il2CppInvokerTable.cpp in Sources */ = {isa = PBXBuildFile; fileRef = 374A9BBE1EC24C62003CCA80 /* Il2CppInvokerTable.cpp */; };
		374AA2391EC24C6F003CCA80 /* Il2CppMetadataRegistration.cpp in Sources */ = {isa = PBXBuildFile; fileRef = 374A9BBF1EC24C62003CCA80 /* Il2CppMetadataRegistration.cpp */; };
		374AA23A1EC24C6F003CCA80 /* Il2CppMetadataUsage.cpp in Sources */ = {isa = PBXBuildFile; fileRef = 374A9BC01EC24C62003CCA80 /* Il2CppMetadataUsage.cpp */; };
		374AA23B1EC24C6F003CCA80 /* Il2CppMethodPointerTable.cpp in Sources */ = {isa = PBXBuildFile; fileRef = 374A9BC11EC24C62003CCA80 /* Il2CppMethodPointerTable.cpp */; };
		374AA23C1EC24C6F003CCA80 /* Il2CppTypeDefinitions.cpp in Sources */ = {isa = PBXBuildFile; fileRef = 374A9BC21EC24C62003CCA80 /* Il2CppTypeDefinitions.cpp */; };
		374AA23D1EC24C70003CCA80 /* UnityClassRegistration.cpp in Sources */ = {isa = PBXBuildFile; fileRef = 374AA0EC1EC24C6C003CCA80 /* UnityClassRegistration.cpp */; };
		374AA23E1EC24C70003CCA80 /* UnityICallRegistration.cpp in Sources */ = {isa = PBXBuildFile; fileRef = 374AA1B51EC24C6F003CCA80 /* UnityICallRegistration.cpp */; };
		374AA23F1EC24C70003CCA80 /* UnresolvedVirtualCallStubs.cpp in Sources */ = {isa = PBXBuildFile; fileRef = 374AA1B61EC24C6F003CCA80 /* UnresolvedVirtualCallStubs.cpp */; };
		374AA2401EC24C70003CCA80 /* AppDelegateListener.mm in Sources */ = {isa = PBXBuildFile; fileRef = 374AA1BA1EC24C6F003CCA80 /* AppDelegateListener.mm */; };
		374AA2411EC24C70003CCA80 /* LifeCycleListener.mm in Sources */ = {isa = PBXBuildFile; fileRef = 374AA1BC1EC24C6F003CCA80 /* LifeCycleListener.mm */; };
		374AA2421EC24C70003CCA80 /* RenderPluginDelegate.mm in Sources */ = {isa = PBXBuildFile; fileRef = 374AA1BE1EC24C6F003CCA80 /* RenderPluginDelegate.mm */; };
		374AA2431EC24C70003CCA80 /* UnityViewControllerListener.mm in Sources */ = {isa = PBXBuildFile; fileRef = 374AA1C01EC24C6F003CCA80 /* UnityViewControllerListener.mm */; };
		374AA2441EC24C70003CCA80 /* ActivityIndicator.mm in Sources */ = {isa = PBXBuildFile; fileRef = 374AA1C61EC24C6F003CCA80 /* ActivityIndicator.mm */; };
		374AA2451EC24C70003CCA80 /* Keyboard.mm in Sources */ = {isa = PBXBuildFile; fileRef = 374AA1C81EC24C6F003CCA80 /* Keyboard.mm */; };
		374AA2461EC24C70003CCA80 /* OrientationSupport.mm in Sources */ = {isa = PBXBuildFile; fileRef = 374AA1CA1EC24C6F003CCA80 /* OrientationSupport.mm */; };
		374AA2471EC24C70003CCA80 /* SplashScreen.mm in Sources */ = {isa = PBXBuildFile; fileRef = 374AA1CC1EC24C6F003CCA80 /* SplashScreen.mm */; };
		374AA2481EC24C70003CCA80 /* UnityAppController+ViewHandling.mm in Sources */ = {isa = PBXBuildFile; fileRef = 374AA1CE1EC24C6F003CCA80 /* UnityAppController+ViewHandling.mm */; };
		374AA2491EC24C70003CCA80 /* UnityView.mm in Sources */ = {isa = PBXBuildFile; fileRef = 374AA1D01EC24C6F003CCA80 /* UnityView.mm */; };
		374AA24A1EC24C70003CCA80 /* UnityViewControllerBaseiOS.mm in Sources */ = {isa = PBXBuildFile; fileRef = 374AA1D31EC24C6F003CCA80 /* UnityViewControllerBaseiOS.mm */; };
		374AA24B1EC24C70003CCA80 /* UnityViewControllerBaseTV.mm in Sources */ = {isa = PBXBuildFile; fileRef = 374AA1D51EC24C6F003CCA80 /* UnityViewControllerBaseTV.mm */; };
		374AA24C1EC24C70003CCA80 /* AVCapture.mm in Sources */ = {isa = PBXBuildFile; fileRef = 374AA1D81EC24C6F003CCA80 /* AVCapture.mm */; };
		374AA24D1EC24C70003CCA80 /* CameraCapture.mm in Sources */ = {isa = PBXBuildFile; fileRef = 374AA1DA1EC24C6F003CCA80 /* CameraCapture.mm */; };
		374AA24E1EC24C70003CCA80 /* CMVideoSampling.mm in Sources */ = {isa = PBXBuildFile; fileRef = 374AA1DC1EC24C6F003CCA80 /* CMVideoSampling.mm */; };
		374AA24F1EC24C70003CCA80 /* CVTextureCache.mm in Sources */ = {isa = PBXBuildFile; fileRef = 374AA1DE1EC24C6F003CCA80 /* CVTextureCache.mm */; };
		374AA2501EC24C70003CCA80 /* DeviceSettings.mm in Sources */ = {isa = PBXBuildFile; fileRef = 374AA1DF1EC24C6F003CCA80 /* DeviceSettings.mm */; };
		374AA2511EC24C70003CCA80 /* DisplayManager.mm in Sources */ = {isa = PBXBuildFile; fileRef = 374AA1E11EC24C6F003CCA80 /* DisplayManager.mm */; };
		374AA2521EC24C70003CCA80 /* EAGLContextHelper.mm in Sources */ = {isa = PBXBuildFile; fileRef = 374AA1E31EC24C6F003CCA80 /* EAGLContextHelper.mm */; };
		374AA2531EC24C70003CCA80 /* Filesystem.mm in Sources */ = {isa = PBXBuildFile; fileRef = 374AA1E41EC24C6F003CCA80 /* Filesystem.mm */; };
		374AA2541EC24C70003CCA80 /* FullScreenVideoPlayer.mm in Sources */ = {isa = PBXBuildFile; fileRef = 374AA1E51EC24C6F003CCA80 /* FullScreenVideoPlayer.mm */; };
		374AA2551EC24C70003CCA80 /* GlesHelper.mm in Sources */ = {isa = PBXBuildFile; fileRef = 374AA1E71EC24C6F003CCA80 /* GlesHelper.mm */; };
		374AA2561EC24C70003CCA80 /* InternalProfiler.cpp in Sources */ = {isa = PBXBuildFile; fileRef = 374AA1E81EC24C6F003CCA80 /* InternalProfiler.cpp */; };
		374AA2571EC24C70003CCA80 /* MetalHelper.mm in Sources */ = {isa = PBXBuildFile; fileRef = 374AA1ED1EC24C6F003CCA80 /* MetalHelper.mm */; };
		374AA2581EC24C70003CCA80 /* ObjCRuntime.mm in Sources */ = {isa = PBXBuildFile; fileRef = 374AA1EF1EC24C6F003CCA80 /* ObjCRuntime.mm */; };
		374AA2591EC24C70003CCA80 /* OnDemandResources.mm in Sources */ = {isa = PBXBuildFile; fileRef = 374AA1F01EC24C6F003CCA80 /* OnDemandResources.mm */; };
		374AA25A1EC24C70003CCA80 /* UnityReplayKit.mm in Sources */ = {isa = PBXBuildFile; fileRef = 374AA1F61EC24C6F003CCA80 /* UnityReplayKit.mm */; };
		374AA25B1EC24C70003CCA80 /* UnityReplayKit_Scripting.mm in Sources */ = {isa = PBXBuildFile; fileRef = 374AA1F71EC24C6F003CCA80 /* UnityReplayKit_Scripting.mm */; };
		374AA25C1EC24C70003CCA80 /* VideoPlayer.mm in Sources */ = {isa = PBXBuildFile; fileRef = 374AA1FA1EC24C6F003CCA80 /* VideoPlayer.mm */; };
		374AA25D1EC24C70003CCA80 /* WWWConnection.mm in Sources */ = {isa = PBXBuildFile; fileRef = 374AA1FC1EC24C6F003CCA80 /* WWWConnection.mm */; };
		374AA25E1EC24C70003CCA80 /* UnityAdsUnityWrapper.mm in Sources */ = {isa = PBXBuildFile; fileRef = 374AA1FF1EC24C6F003CCA80 /* UnityAdsUnityWrapper.mm */; };
		374AA25F1EC24C70003CCA80 /* UnityAppController+Rendering.mm in Sources */ = {isa = PBXBuildFile; fileRef = 374AA2011EC24C6F003CCA80 /* UnityAppController+Rendering.mm */; };
		374AA2601EC24C70003CCA80 /* UnityAppController+UnityInterface.mm in Sources */ = {isa = PBXBuildFile; fileRef = 374AA2031EC24C6F003CCA80 /* UnityAppController+UnityInterface.mm */; };
		374AA2611EC24C70003CCA80 /* UnityAppController.mm in Sources */ = {isa = PBXBuildFile; fileRef = 374AA2051EC24C6F003CCA80 /* UnityAppController.mm */; };
		374AA4441EC24C7D003CCA80 /* Il2CppOptions.cpp in Sources */ = {isa = PBXBuildFile; fileRef = 374AA2631EC24C7C003CCA80 /* Il2CppOptions.cpp */; };
		374AA4471EC24C7D003CCA80 /* libiPhone-lib.a in Frameworks */ = {isa = PBXBuildFile; fileRef = 374AA43F1EC24C7D003CCA80 /* libiPhone-lib.a */; };
		374AA4481EC24C7D003CCA80 /* RegisterFeatures.cpp in Sources */ = {isa = PBXBuildFile; fileRef = 374AA4401EC24C7D003CCA80 /* RegisterFeatures.cpp */; };
		374AA4491EC24C7D003CCA80 /* RegisterMonoModules.cpp in Sources */ = {isa = PBXBuildFile; fileRef = 374AA4421EC24C7D003CCA80 /* RegisterMonoModules.cpp */; };
		374AA4501EC2508A003CCA80 /* main.swift in Sources */ = {isa = PBXBuildFile; fileRef = 374AA44F1EC2508A003CCA80 /* main.swift */; };
		374AA4561EC36ABD003CCA80 /* Data in Resources */ = {isa = PBXBuildFile; fileRef = 374AA4551EC36ABD003CCA80 /* Data */; };
		374AA4581EC36D2A003CCA80 /* CoreText.framework in Frameworks */ = {isa = PBXBuildFile; fileRef = 374AA4571EC36D2A003CCA80 /* CoreText.framework */; };
		374AA45A1EC36D32003CCA80 /* AudioToolbox.framework in Frameworks */ = {isa = PBXBuildFile; fileRef = 374AA4591EC36D32003CCA80 /* AudioToolbox.framework */; };
		374AA45C1EC36D3B003CCA80 /* AVFoundation.framework in Frameworks */ = {isa = PBXBuildFile; fileRef = 374AA45B1EC36D3B003CCA80 /* AVFoundation.framework */; settings = {ATTRIBUTES = (Weak, ); }; };
		374AA45E1EC36D46003CCA80 /* CFNetwork.framework in Frameworks */ = {isa = PBXBuildFile; fileRef = 374AA45D1EC36D46003CCA80 /* CFNetwork.framework */; };
		374AA4601EC36D4B003CCA80 /* CoreGraphics.framework in Frameworks */ = {isa = PBXBuildFile; fileRef = 374AA45F1EC36D4B003CCA80 /* CoreGraphics.framework */; };
		374AA4621EC36D54003CCA80 /* CoreLocation.framework in Frameworks */ = {isa = PBXBuildFile; fileRef = 374AA4611EC36D54003CCA80 /* CoreLocation.framework */; };
		374AA4641EC36D5B003CCA80 /* CoreMedia.framework in Frameworks */ = {isa = PBXBuildFile; fileRef = 374AA4631EC36D5B003CCA80 /* CoreMedia.framework */; };
		374AA4661EC36D61003CCA80 /* CoreMotion.framework in Frameworks */ = {isa = PBXBuildFile; fileRef = 374AA4651EC36D61003CCA80 /* CoreMotion.framework */; settings = {ATTRIBUTES = (Weak, ); }; };
		374AA4681EC36D6C003CCA80 /* CoreVideo.framework in Frameworks */ = {isa = PBXBuildFile; fileRef = 374AA4671EC36D6C003CCA80 /* CoreVideo.framework */; };
		374AA46A1EC36D72003CCA80 /* Foundation.framework in Frameworks */ = {isa = PBXBuildFile; fileRef = 374AA4691EC36D72003CCA80 /* Foundation.framework */; };
		374AA46C1EC36D7C003CCA80 /* iAd.framework in Frameworks */ = {isa = PBXBuildFile; fileRef = 374AA46B1EC36D7C003CCA80 /* iAd.framework */; settings = {ATTRIBUTES = (Weak, ); }; };
		374AA46E1EC36D83003CCA80 /* MediaPlayer.framework in Frameworks */ = {isa = PBXBuildFile; fileRef = 374AA46D1EC36D83003CCA80 /* MediaPlayer.framework */; };
		374AA4701EC36D8B003CCA80 /* OpenAL.framework in Frameworks */ = {isa = PBXBuildFile; fileRef = 374AA46F1EC36D8B003CCA80 /* OpenAL.framework */; };
		374AA4721EC36D91003CCA80 /* OpenGLES.framework in Frameworks */ = {isa = PBXBuildFile; fileRef = 374AA4711EC36D91003CCA80 /* OpenGLES.framework */; };
		374AA4741EC36E48003CCA80 /* QuartzCore.framework in Frameworks */ = {isa = PBXBuildFile; fileRef = 374AA4731EC36E48003CCA80 /* QuartzCore.framework */; };
		374AA4761EC36E51003CCA80 /* SystemConfiguration.framework in Frameworks */ = {isa = PBXBuildFile; fileRef = 374AA4751EC36E51003CCA80 /* SystemConfiguration.framework */; };
		374AA4781EC36E56003CCA80 /* UIKit.framework in Frameworks */ = {isa = PBXBuildFile; fileRef = 374AA4771EC36E56003CCA80 /* UIKit.framework */; };
		374AA47A1EC36E6B003CCA80 /* libiconv.2.tbd in Frameworks */ = {isa = PBXBuildFile; fileRef = 374AA4791EC36E6B003CCA80 /* libiconv.2.tbd */; };
		374AA47E1EC36E8B003CCA80 /* MediaToolbox.framework in Frameworks */ = {isa = PBXBuildFile; fileRef = 374AA47D1EC36E8B003CCA80 /* MediaToolbox.framework */; };
		374AA4841EC37312003CCA80 /* ReplayKit.framework in Frameworks */ = {isa = PBXBuildFile; fileRef = 374AA4831EC37312003CCA80 /* ReplayKit.framework */; };
		374AA48E1ED61941003CCA80 /* CoreAudioKit.framework in Frameworks */ = {isa = PBXBuildFile; fileRef = 374AA4811EC36F3D003CCA80 /* CoreAudioKit.framework */; };
		374AA48F1ED61946003CCA80 /* CoreAudio.framework in Frameworks */ = {isa = PBXBuildFile; fileRef = 374AA47F1EC36F38003CCA80 /* CoreAudio.framework */; };
		374AA4951ED61C9E003CCA80 /* UnityUtils.mm in Sources */ = {isa = PBXBuildFile; fileRef = 374AA4941ED61C9E003CCA80 /* UnityUtils.mm */; };
		3770F9851E96A89000445CDC /* AppDelegate.swift in Sources */ = {isa = PBXBuildFile; fileRef = 3770F9841E96A89000445CDC /* AppDelegate.swift */; };
		3770F98A1E96A89000445CDC /* Main.storyboard in Resources */ = {isa = PBXBuildFile; fileRef = 3770F9881E96A89000445CDC /* Main.storyboard */; };
		3770F98C1E96A89000445CDC /* Assets.xcassets in Resources */ = {isa = PBXBuildFile; fileRef = 3770F98B1E96A89000445CDC /* Assets.xcassets */; };
		3770F98F1E96A89000445CDC /* LaunchScreen.storyboard in Resources */ = {isa = PBXBuildFile; fileRef = 3770F98D1E96A89000445CDC /* LaunchScreen.storyboard */; };
		3770F9971E96A8FD00445CDC /* Model.swift in Sources */ = {isa = PBXBuildFile; fileRef = 3770F9961E96A8FD00445CDC /* Model.swift */; };
		3790B33E1EAA5A9500F94A5F /* ScrollView.swift in Sources */ = {isa = PBXBuildFile; fileRef = 3790B33D1EAA5A9500F94A5F /* ScrollView.swift */; };
/* End PBXBuildFile section */

/* Begin PBXFileReference section */
		3723D2C31E9FCE9C00FDD397 /* Data.swift */ = {isa = PBXFileReference; fileEncoding = 4; lastKnownFileType = sourcecode.swift; path = Data.swift; sourceTree = "<group>"; };
		374A92681EBA73C0003CCA80 /* LoginViewController.swift */ = {isa = PBXFileReference; fileEncoding = 4; lastKnownFileType = sourcecode.swift; path = LoginViewController.swift; sourceTree = "<group>"; };
		374A926A1EBB81DF003CCA80 /* REST.swift */ = {isa = PBXFileReference; fileEncoding = 4; lastKnownFileType = sourcecode.swift; path = REST.swift; sourceTree = "<group>"; };
		374A926C1EBBBC42003CCA80 /* UserPageViewController.swift */ = {isa = PBXFileReference; fileEncoding = 4; lastKnownFileType = sourcecode.swift; path = UserPageViewController.swift; sourceTree = "<group>"; };
		374A926E1EBBBE52003CCA80 /* UserDefaults.swift */ = {isa = PBXFileReference; fileEncoding = 4; lastKnownFileType = sourcecode.swift; path = UserDefaults.swift; sourceTree = "<group>"; };
		374A92721EC21C9F003CCA80 /* Unity.xcconfig */ = {isa = PBXFileReference; fileEncoding = 4; lastKnownFileType = text.xcconfig; path = Unity.xcconfig; sourceTree = "<group>"; };
		374A9B861EC24C62003CCA80 /* CrashReporter.h */ = {isa = PBXFileReference; fileEncoding = 4; lastKnownFileType = sourcecode.c.h; path = CrashReporter.h; sourceTree = "<group>"; };
		374A9B871EC24C62003CCA80 /* CrashReporter.mm */ = {isa = PBXFileReference; fileEncoding = 4; lastKnownFileType = sourcecode.cpp.objcpp; path = CrashReporter.mm; sourceTree = "<group>"; };
		374A9B881EC24C62003CCA80 /* iPhone_Sensors.h */ = {isa = PBXFileReference; fileEncoding = 4; lastKnownFileType = sourcecode.c.h; path = iPhone_Sensors.h; sourceTree = "<group>"; };
		374A9B891EC24C62003CCA80 /* iPhone_Sensors.mm */ = {isa = PBXFileReference; fileEncoding = 4; lastKnownFileType = sourcecode.cpp.objcpp; path = iPhone_Sensors.mm; sourceTree = "<group>"; };
		374A9B8A1EC24C62003CCA80 /* main.mm */ = {isa = PBXFileReference; fileEncoding = 4; lastKnownFileType = sourcecode.cpp.objcpp; path = main.mm; sourceTree = "<group>"; };
		374A9B8C1EC24C62003CCA80 /* Bulk_Generics_0.cpp */ = {isa = PBXFileReference; fileEncoding = 4; lastKnownFileType = sourcecode.cpp.cpp; path = Bulk_Generics_0.cpp; sourceTree = "<group>"; };
		374A9B8D1EC24C62003CCA80 /* Bulk_Generics_1.cpp */ = {isa = PBXFileReference; fileEncoding = 4; lastKnownFileType = sourcecode.cpp.cpp; path = Bulk_Generics_1.cpp; sourceTree = "<group>"; };
		374A9B8E1EC24C62003CCA80 /* Bulk_Generics_2.cpp */ = {isa = PBXFileReference; fileEncoding = 4; lastKnownFileType = sourcecode.cpp.cpp; path = Bulk_Generics_2.cpp; sourceTree = "<group>"; };
		374A9B8F1EC24C62003CCA80 /* Bulk_Generics_3.cpp */ = {isa = PBXFileReference; fileEncoding = 4; lastKnownFileType = sourcecode.cpp.cpp; path = Bulk_Generics_3.cpp; sourceTree = "<group>"; };
		374A9B901EC24C62003CCA80 /* Bulk_Generics_4.cpp */ = {isa = PBXFileReference; fileEncoding = 4; lastKnownFileType = sourcecode.cpp.cpp; path = Bulk_Generics_4.cpp; sourceTree = "<group>"; };
		374A9B911EC24C62003CCA80 /* Bulk_Mono.Security_0.cpp */ = {isa = PBXFileReference; fileEncoding = 4; lastKnownFileType = sourcecode.cpp.cpp; path = Bulk_Mono.Security_0.cpp; sourceTree = "<group>"; };
		374A9B921EC24C62003CCA80 /* Bulk_Mono.Security_1.cpp */ = {isa = PBXFileReference; fileEncoding = 4; lastKnownFileType = sourcecode.cpp.cpp; path = Bulk_Mono.Security_1.cpp; sourceTree = "<group>"; };
		374A9B931EC24C62003CCA80 /* Bulk_mscorlib_0.cpp */ = {isa = PBXFileReference; fileEncoding = 4; lastKnownFileType = sourcecode.cpp.cpp; path = Bulk_mscorlib_0.cpp; sourceTree = "<group>"; };
		374A9B941EC24C62003CCA80 /* Bulk_mscorlib_1.cpp */ = {isa = PBXFileReference; fileEncoding = 4; lastKnownFileType = sourcecode.cpp.cpp; path = Bulk_mscorlib_1.cpp; sourceTree = "<group>"; };
		374A9B951EC24C62003CCA80 /* Bulk_mscorlib_2.cpp */ = {isa = PBXFileReference; fileEncoding = 4; lastKnownFileType = sourcecode.cpp.cpp; path = Bulk_mscorlib_2.cpp; sourceTree = "<group>"; };
		374A9B961EC24C62003CCA80 /* Bulk_mscorlib_3.cpp */ = {isa = PBXFileReference; fileEncoding = 4; lastKnownFileType = sourcecode.cpp.cpp; path = Bulk_mscorlib_3.cpp; sourceTree = "<group>"; };
		374A9B971EC24C62003CCA80 /* Bulk_mscorlib_4.cpp */ = {isa = PBXFileReference; fileEncoding = 4; lastKnownFileType = sourcecode.cpp.cpp; path = Bulk_mscorlib_4.cpp; sourceTree = "<group>"; };
		374A9B981EC24C62003CCA80 /* Bulk_mscorlib_5.cpp */ = {isa = PBXFileReference; fileEncoding = 4; lastKnownFileType = sourcecode.cpp.cpp; path = Bulk_mscorlib_5.cpp; sourceTree = "<group>"; };
		374A9B991EC24C62003CCA80 /* Bulk_mscorlib_6.cpp */ = {isa = PBXFileReference; fileEncoding = 4; lastKnownFileType = sourcecode.cpp.cpp; path = Bulk_mscorlib_6.cpp; sourceTree = "<group>"; };
		374A9B9A1EC24C62003CCA80 /* Bulk_mscorlib_7.cpp */ = {isa = PBXFileReference; fileEncoding = 4; lastKnownFileType = sourcecode.cpp.cpp; path = Bulk_mscorlib_7.cpp; sourceTree = "<group>"; };
		374A9B9B1EC24C62003CCA80 /* Bulk_System.Core_0.cpp */ = {isa = PBXFileReference; fileEncoding = 4; lastKnownFileType = sourcecode.cpp.cpp; path = Bulk_System.Core_0.cpp; sourceTree = "<group>"; };
		374A9B9C1EC24C62003CCA80 /* Bulk_System_0.cpp */ = {isa = PBXFileReference; fileEncoding = 4; lastKnownFileType = sourcecode.cpp.cpp; path = Bulk_System_0.cpp; sourceTree = "<group>"; };
		374A9B9D1EC24C62003CCA80 /* Bulk_System_1.cpp */ = {isa = PBXFileReference; fileEncoding = 4; lastKnownFileType = sourcecode.cpp.cpp; path = Bulk_System_1.cpp; sourceTree = "<group>"; };
		374A9B9E1EC24C62003CCA80 /* Bulk_UnityEngine_0.cpp */ = {isa = PBXFileReference; fileEncoding = 4; lastKnownFileType = sourcecode.cpp.cpp; path = Bulk_UnityEngine_0.cpp; sourceTree = "<group>"; };
		374A9B9F1EC24C62003CCA80 /* Bulk_UnityEngine_1.cpp */ = {isa = PBXFileReference; fileEncoding = 4; lastKnownFileType = sourcecode.cpp.cpp; path = Bulk_UnityEngine_1.cpp; sourceTree = "<group>"; };
		374A9BA51EC24C62003CCA80 /* GenericMethods0.cpp */ = {isa = PBXFileReference; fileEncoding = 4; lastKnownFileType = sourcecode.cpp.cpp; path = GenericMethods0.cpp; sourceTree = "<group>"; };
		374A9BA61EC24C62003CCA80 /* Il2CppAttributes.cpp */ = {isa = PBXFileReference; fileEncoding = 4; lastKnownFileType = sourcecode.cpp.cpp; path = Il2CppAttributes.cpp; sourceTree = "<group>"; };
		374A9BA71EC24C62003CCA80 /* Il2CppCodeRegistration.cpp */ = {isa = PBXFileReference; fileEncoding = 4; lastKnownFileType = sourcecode.cpp.cpp; path = Il2CppCodeRegistration.cpp; sourceTree = "<group>"; };
		374A9BA81EC24C62003CCA80 /* Il2CppCompilerCalculateTypeValues_0Table.cpp */ = {isa = PBXFileReference; fileEncoding = 4; lastKnownFileType = sourcecode.cpp.cpp; path = Il2CppCompilerCalculateTypeValues_0Table.cpp; sourceTree = "<group>"; };
		374A9BA91EC24C62003CCA80 /* Il2CppCompilerCalculateTypeValues_10Table.cpp */ = {isa = PBXFileReference; fileEncoding = 4; lastKnownFileType = sourcecode.cpp.cpp; path = Il2CppCompilerCalculateTypeValues_10Table.cpp; sourceTree = "<group>"; };
		374A9BAA1EC24C62003CCA80 /* Il2CppCompilerCalculateTypeValues_11Table.cpp */ = {isa = PBXFileReference; fileEncoding = 4; lastKnownFileType = sourcecode.cpp.cpp; path = Il2CppCompilerCalculateTypeValues_11Table.cpp; sourceTree = "<group>"; };
		374A9BAB1EC24C62003CCA80 /* Il2CppCompilerCalculateTypeValues_12Table.cpp */ = {isa = PBXFileReference; fileEncoding = 4; lastKnownFileType = sourcecode.cpp.cpp; path = Il2CppCompilerCalculateTypeValues_12Table.cpp; sourceTree = "<group>"; };
		374A9BAC1EC24C62003CCA80 /* Il2CppCompilerCalculateTypeValues_13Table.cpp */ = {isa = PBXFileReference; fileEncoding = 4; lastKnownFileType = sourcecode.cpp.cpp; path = Il2CppCompilerCalculateTypeValues_13Table.cpp; sourceTree = "<group>"; };
		374A9BAD1EC24C62003CCA80 /* Il2CppCompilerCalculateTypeValues_1Table.cpp */ = {isa = PBXFileReference; fileEncoding = 4; lastKnownFileType = sourcecode.cpp.cpp; path = Il2CppCompilerCalculateTypeValues_1Table.cpp; sourceTree = "<group>"; };
		374A9BAE1EC24C62003CCA80 /* Il2CppCompilerCalculateTypeValues_2Table.cpp */ = {isa = PBXFileReference; fileEncoding = 4; lastKnownFileType = sourcecode.cpp.cpp; path = Il2CppCompilerCalculateTypeValues_2Table.cpp; sourceTree = "<group>"; };
		374A9BAF1EC24C62003CCA80 /* Il2CppCompilerCalculateTypeValues_3Table.cpp */ = {isa = PBXFileReference; fileEncoding = 4; lastKnownFileType = sourcecode.cpp.cpp; path = Il2CppCompilerCalculateTypeValues_3Table.cpp; sourceTree = "<group>"; };
		374A9BB01EC24C62003CCA80 /* Il2CppCompilerCalculateTypeValues_4Table.cpp */ = {isa = PBXFileReference; fileEncoding = 4; lastKnownFileType = sourcecode.cpp.cpp; path = Il2CppCompilerCalculateTypeValues_4Table.cpp; sourceTree = "<group>"; };
		374A9BB11EC24C62003CCA80 /* Il2CppCompilerCalculateTypeValues_5Table.cpp */ = {isa = PBXFileReference; fileEncoding = 4; lastKnownFileType = sourcecode.cpp.cpp; path = Il2CppCompilerCalculateTypeValues_5Table.cpp; sourceTree = "<group>"; };
		374A9BB21EC24C62003CCA80 /* Il2CppCompilerCalculateTypeValues_6Table.cpp */ = {isa = PBXFileReference; fileEncoding = 4; lastKnownFileType = sourcecode.cpp.cpp; path = Il2CppCompilerCalculateTypeValues_6Table.cpp; sourceTree = "<group>"; };
		374A9BB31EC24C62003CCA80 /* Il2CppCompilerCalculateTypeValues_7Table.cpp */ = {isa = PBXFileReference; fileEncoding = 4; lastKnownFileType = sourcecode.cpp.cpp; path = Il2CppCompilerCalculateTypeValues_7Table.cpp; sourceTree = "<group>"; };
		374A9BB41EC24C62003CCA80 /* Il2CppCompilerCalculateTypeValues_8Table.cpp */ = {isa = PBXFileReference; fileEncoding = 4; lastKnownFileType = sourcecode.cpp.cpp; path = Il2CppCompilerCalculateTypeValues_8Table.cpp; sourceTree = "<group>"; };
		374A9BB51EC24C62003CCA80 /* Il2CppCompilerCalculateTypeValues_9Table.cpp */ = {isa = PBXFileReference; fileEncoding = 4; lastKnownFileType = sourcecode.cpp.cpp; path = Il2CppCompilerCalculateTypeValues_9Table.cpp; sourceTree = "<group>"; };
		374A9BB61EC24C62003CCA80 /* Il2CppCompilerCalculateTypeValuesTable.cpp */ = {isa = PBXFileReference; fileEncoding = 4; lastKnownFileType = sourcecode.cpp.cpp; path = Il2CppCompilerCalculateTypeValuesTable.cpp; sourceTree = "<group>"; };
		374A9BB71EC24C62003CCA80 /* Il2CppGenericClassTable.cpp */ = {isa = PBXFileReference; fileEncoding = 4; lastKnownFileType = sourcecode.cpp.cpp; path = Il2CppGenericClassTable.cpp; sourceTree = "<group>"; };
		374A9BB81EC24C62003CCA80 /* Il2CppGenericComDefinitions0.cpp */ = {isa = PBXFileReference; fileEncoding = 4; lastKnownFileType = sourcecode.cpp.cpp; path = Il2CppGenericComDefinitions0.cpp; sourceTree = "<group>"; };
		374A9BB91EC24C62003CCA80 /* Il2CppGenericInstDefinitions.cpp */ = {isa = PBXFileReference; fileEncoding = 4; lastKnownFileType = sourcecode.cpp.cpp; path = Il2CppGenericInstDefinitions.cpp; sourceTree = "<group>"; };
		374A9BBA1EC24C62003CCA80 /* Il2CppGenericMethodDefinitions.cpp */ = {isa = PBXFileReference; fileEncoding = 4; lastKnownFileType = sourcecode.cpp.cpp; path = Il2CppGenericMethodDefinitions.cpp; sourceTree = "<group>"; };
		374A9BBB1EC24C62003CCA80 /* Il2CppGenericMethodPointerTable.cpp */ = {isa = PBXFileReference; fileEncoding = 4; lastKnownFileType = sourcecode.cpp.cpp; path = Il2CppGenericMethodPointerTable.cpp; sourceTree = "<group>"; };
		374A9BBC1EC24C62003CCA80 /* Il2CppGenericMethodTable.cpp */ = {isa = PBXFileReference; fileEncoding = 4; lastKnownFileType = sourcecode.cpp.cpp; path = Il2CppGenericMethodTable.cpp; sourceTree = "<group>"; };
		374A9BBD1EC24C62003CCA80 /* Il2CppInteropDataTable.cpp */ = {isa = PBXFileReference; fileEncoding = 4; lastKnownFileType = sourcecode.cpp.cpp; path = Il2CppInteropDataTable.cpp; sourceTree = "<group>"; };
		374A9BBE1EC24C62003CCA80 /* Il2CppInvokerTable.cpp */ = {isa = PBXFileReference; fileEncoding = 4; lastKnownFileType = sourcecode.cpp.cpp; path = Il2CppInvokerTable.cpp; sourceTree = "<group>"; };
		374A9BBF1EC24C62003CCA80 /* Il2CppMetadataRegistration.cpp */ = {isa = PBXFileReference; fileEncoding = 4; lastKnownFileType = sourcecode.cpp.cpp; path = Il2CppMetadataRegistration.cpp; sourceTree = "<group>"; };
		374A9BC01EC24C62003CCA80 /* Il2CppMetadataUsage.cpp */ = {isa = PBXFileReference; fileEncoding = 4; lastKnownFileType = sourcecode.cpp.cpp; path = Il2CppMetadataUsage.cpp; sourceTree = "<group>"; };
		374A9BC11EC24C62003CCA80 /* Il2CppMethodPointerTable.cpp */ = {isa = PBXFileReference; fileEncoding = 4; lastKnownFileType = sourcecode.cpp.cpp; path = Il2CppMethodPointerTable.cpp; sourceTree = "<group>"; };
		374A9BC21EC24C62003CCA80 /* Il2CppTypeDefinitions.cpp */ = {isa = PBXFileReference; fileEncoding = 4; lastKnownFileType = sourcecode.cpp.cpp; path = Il2CppTypeDefinitions.cpp; sourceTree = "<group>"; };
		374AA0EC1EC24C6C003CCA80 /* UnityClassRegistration.cpp */ = {isa = PBXFileReference; fileEncoding = 4; lastKnownFileType = sourcecode.cpp.cpp; path = UnityClassRegistration.cpp; sourceTree = "<group>"; };
		374AA1B51EC24C6F003CCA80 /* UnityICallRegistration.cpp */ = {isa = PBXFileReference; fileEncoding = 4; lastKnownFileType = sourcecode.cpp.cpp; path = UnityICallRegistration.cpp; sourceTree = "<group>"; };
		374AA1B61EC24C6F003CCA80 /* UnresolvedVirtualCallStubs.cpp */ = {isa = PBXFileReference; fileEncoding = 4; lastKnownFileType = sourcecode.cpp.cpp; path = UnresolvedVirtualCallStubs.cpp; sourceTree = "<group>"; };
		374AA1B71EC24C6F003CCA80 /* PLCrashReporter.h */ = {isa = PBXFileReference; fileEncoding = 4; lastKnownFileType = sourcecode.c.h; path = PLCrashReporter.h; sourceTree = "<group>"; };
		374AA1B91EC24C6F003CCA80 /* AppDelegateListener.h */ = {isa = PBXFileReference; fileEncoding = 4; lastKnownFileType = sourcecode.c.h; path = AppDelegateListener.h; sourceTree = "<group>"; };
		374AA1BA1EC24C6F003CCA80 /* AppDelegateListener.mm */ = {isa = PBXFileReference; fileEncoding = 4; lastKnownFileType = sourcecode.cpp.objcpp; path = AppDelegateListener.mm; sourceTree = "<group>"; };
		374AA1BB1EC24C6F003CCA80 /* LifeCycleListener.h */ = {isa = PBXFileReference; fileEncoding = 4; lastKnownFileType = sourcecode.c.h; path = LifeCycleListener.h; sourceTree = "<group>"; };
		374AA1BC1EC24C6F003CCA80 /* LifeCycleListener.mm */ = {isa = PBXFileReference; fileEncoding = 4; lastKnownFileType = sourcecode.cpp.objcpp; path = LifeCycleListener.mm; sourceTree = "<group>"; };
		374AA1BD1EC24C6F003CCA80 /* RenderPluginDelegate.h */ = {isa = PBXFileReference; fileEncoding = 4; lastKnownFileType = sourcecode.c.h; path = RenderPluginDelegate.h; sourceTree = "<group>"; };
		374AA1BE1EC24C6F003CCA80 /* RenderPluginDelegate.mm */ = {isa = PBXFileReference; fileEncoding = 4; lastKnownFileType = sourcecode.cpp.objcpp; path = RenderPluginDelegate.mm; sourceTree = "<group>"; };
		374AA1BF1EC24C6F003CCA80 /* UnityViewControllerListener.h */ = {isa = PBXFileReference; fileEncoding = 4; lastKnownFileType = sourcecode.c.h; path = UnityViewControllerListener.h; sourceTree = "<group>"; };
		374AA1C01EC24C6F003CCA80 /* UnityViewControllerListener.mm */ = {isa = PBXFileReference; fileEncoding = 4; lastKnownFileType = sourcecode.cpp.objcpp; path = UnityViewControllerListener.mm; sourceTree = "<group>"; };
		374AA1C11EC24C6F003CCA80 /* Prefix.pch */ = {isa = PBXFileReference; fileEncoding = 4; lastKnownFileType = sourcecode.c.h; path = Prefix.pch; sourceTree = "<group>"; };
		374AA1C21EC24C6F003CCA80 /* Preprocessor.h */ = {isa = PBXFileReference; fileEncoding = 4; lastKnownFileType = sourcecode.c.h; path = Preprocessor.h; sourceTree = "<group>"; };
		374AA1C31EC24C6F003CCA80 /* Quaternion4.h */ = {isa = PBXFileReference; fileEncoding = 4; lastKnownFileType = sourcecode.c.h; path = Quaternion4.h; sourceTree = "<group>"; };
		374AA1C51EC24C6F003CCA80 /* ActivityIndicator.h */ = {isa = PBXFileReference; fileEncoding = 4; lastKnownFileType = sourcecode.c.h; path = ActivityIndicator.h; sourceTree = "<group>"; };
		374AA1C61EC24C6F003CCA80 /* ActivityIndicator.mm */ = {isa = PBXFileReference; fileEncoding = 4; lastKnownFileType = sourcecode.cpp.objcpp; path = ActivityIndicator.mm; sourceTree = "<group>"; };
		374AA1C71EC24C6F003CCA80 /* Keyboard.h */ = {isa = PBXFileReference; fileEncoding = 4; lastKnownFileType = sourcecode.c.h; path = Keyboard.h; sourceTree = "<group>"; };
		374AA1C81EC24C6F003CCA80 /* Keyboard.mm */ = {isa = PBXFileReference; fileEncoding = 4; lastKnownFileType = sourcecode.cpp.objcpp; path = Keyboard.mm; sourceTree = "<group>"; };
		374AA1C91EC24C6F003CCA80 /* OrientationSupport.h */ = {isa = PBXFileReference; fileEncoding = 4; lastKnownFileType = sourcecode.c.h; path = OrientationSupport.h; sourceTree = "<group>"; };
		374AA1CA1EC24C6F003CCA80 /* OrientationSupport.mm */ = {isa = PBXFileReference; fileEncoding = 4; lastKnownFileType = sourcecode.cpp.objcpp; path = OrientationSupport.mm; sourceTree = "<group>"; };
		374AA1CB1EC24C6F003CCA80 /* SplashScreen.h */ = {isa = PBXFileReference; fileEncoding = 4; lastKnownFileType = sourcecode.c.h; path = SplashScreen.h; sourceTree = "<group>"; };
		374AA1CC1EC24C6F003CCA80 /* SplashScreen.mm */ = {isa = PBXFileReference; fileEncoding = 4; lastKnownFileType = sourcecode.cpp.objcpp; path = SplashScreen.mm; sourceTree = "<group>"; };
		374AA1CD1EC24C6F003CCA80 /* UnityAppController+ViewHandling.h */ = {isa = PBXFileReference; fileEncoding = 4; lastKnownFileType = sourcecode.c.h; path = "UnityAppController+ViewHandling.h"; sourceTree = "<group>"; };
		374AA1CE1EC24C6F003CCA80 /* UnityAppController+ViewHandling.mm */ = {isa = PBXFileReference; fileEncoding = 4; lastKnownFileType = sourcecode.cpp.objcpp; path = "UnityAppController+ViewHandling.mm"; sourceTree = "<group>"; };
		374AA1CF1EC24C6F003CCA80 /* UnityView.h */ = {isa = PBXFileReference; fileEncoding = 4; lastKnownFileType = sourcecode.c.h; path = UnityView.h; sourceTree = "<group>"; };
		374AA1D01EC24C6F003CCA80 /* UnityView.mm */ = {isa = PBXFileReference; fileEncoding = 4; lastKnownFileType = sourcecode.cpp.objcpp; path = UnityView.mm; sourceTree = "<group>"; };
		374AA1D11EC24C6F003CCA80 /* UnityViewControllerBase.h */ = {isa = PBXFileReference; fileEncoding = 4; lastKnownFileType = sourcecode.c.h; path = UnityViewControllerBase.h; sourceTree = "<group>"; };
		374AA1D21EC24C6F003CCA80 /* UnityViewControllerBaseiOS.h */ = {isa = PBXFileReference; fileEncoding = 4; lastKnownFileType = sourcecode.c.h; path = UnityViewControllerBaseiOS.h; sourceTree = "<group>"; };
		374AA1D31EC24C6F003CCA80 /* UnityViewControllerBaseiOS.mm */ = {isa = PBXFileReference; fileEncoding = 4; lastKnownFileType = sourcecode.cpp.objcpp; path = UnityViewControllerBaseiOS.mm; sourceTree = "<group>"; };
		374AA1D41EC24C6F003CCA80 /* UnityViewControllerBaseTV.h */ = {isa = PBXFileReference; fileEncoding = 4; lastKnownFileType = sourcecode.c.h; path = UnityViewControllerBaseTV.h; sourceTree = "<group>"; };
		374AA1D51EC24C6F003CCA80 /* UnityViewControllerBaseTV.mm */ = {isa = PBXFileReference; fileEncoding = 4; lastKnownFileType = sourcecode.cpp.objcpp; path = UnityViewControllerBaseTV.mm; sourceTree = "<group>"; };
		374AA1D71EC24C6F003CCA80 /* AVCapture.h */ = {isa = PBXFileReference; fileEncoding = 4; lastKnownFileType = sourcecode.c.h; path = AVCapture.h; sourceTree = "<group>"; };
		374AA1D81EC24C6F003CCA80 /* AVCapture.mm */ = {isa = PBXFileReference; fileEncoding = 4; lastKnownFileType = sourcecode.cpp.objcpp; path = AVCapture.mm; sourceTree = "<group>"; };
		374AA1D91EC24C6F003CCA80 /* CameraCapture.h */ = {isa = PBXFileReference; fileEncoding = 4; lastKnownFileType = sourcecode.c.h; path = CameraCapture.h; sourceTree = "<group>"; };
		374AA1DA1EC24C6F003CCA80 /* CameraCapture.mm */ = {isa = PBXFileReference; fileEncoding = 4; lastKnownFileType = sourcecode.cpp.objcpp; path = CameraCapture.mm; sourceTree = "<group>"; };
		374AA1DB1EC24C6F003CCA80 /* CMVideoSampling.h */ = {isa = PBXFileReference; fileEncoding = 4; lastKnownFileType = sourcecode.c.h; path = CMVideoSampling.h; sourceTree = "<group>"; };
		374AA1DC1EC24C6F003CCA80 /* CMVideoSampling.mm */ = {isa = PBXFileReference; fileEncoding = 4; lastKnownFileType = sourcecode.cpp.objcpp; path = CMVideoSampling.mm; sourceTree = "<group>"; };
		374AA1DD1EC24C6F003CCA80 /* CVTextureCache.h */ = {isa = PBXFileReference; fileEncoding = 4; lastKnownFileType = sourcecode.c.h; path = CVTextureCache.h; sourceTree = "<group>"; };
		374AA1DE1EC24C6F003CCA80 /* CVTextureCache.mm */ = {isa = PBXFileReference; fileEncoding = 4; lastKnownFileType = sourcecode.cpp.objcpp; path = CVTextureCache.mm; sourceTree = "<group>"; };
		374AA1DF1EC24C6F003CCA80 /* DeviceSettings.mm */ = {isa = PBXFileReference; fileEncoding = 4; lastKnownFileType = sourcecode.cpp.objcpp; path = DeviceSettings.mm; sourceTree = "<group>"; };
		374AA1E01EC24C6F003CCA80 /* DisplayManager.h */ = {isa = PBXFileReference; fileEncoding = 4; lastKnownFileType = sourcecode.c.h; path = DisplayManager.h; sourceTree = "<group>"; };
		374AA1E11EC24C6F003CCA80 /* DisplayManager.mm */ = {isa = PBXFileReference; fileEncoding = 4; lastKnownFileType = sourcecode.cpp.objcpp; path = DisplayManager.mm; sourceTree = "<group>"; };
		374AA1E21EC24C6F003CCA80 /* EAGLContextHelper.h */ = {isa = PBXFileReference; fileEncoding = 4; lastKnownFileType = sourcecode.c.h; path = EAGLContextHelper.h; sourceTree = "<group>"; };
		374AA1E31EC24C6F003CCA80 /* EAGLContextHelper.mm */ = {isa = PBXFileReference; fileEncoding = 4; lastKnownFileType = sourcecode.cpp.objcpp; path = EAGLContextHelper.mm; sourceTree = "<group>"; };
		374AA1E41EC24C6F003CCA80 /* Filesystem.mm */ = {isa = PBXFileReference; fileEncoding = 4; lastKnownFileType = sourcecode.cpp.objcpp; path = Filesystem.mm; sourceTree = "<group>"; };
		374AA1E51EC24C6F003CCA80 /* FullScreenVideoPlayer.mm */ = {isa = PBXFileReference; fileEncoding = 4; lastKnownFileType = sourcecode.cpp.objcpp; path = FullScreenVideoPlayer.mm; sourceTree = "<group>"; };
		374AA1E61EC24C6F003CCA80 /* GlesHelper.h */ = {isa = PBXFileReference; fileEncoding = 4; lastKnownFileType = sourcecode.c.h; path = GlesHelper.h; sourceTree = "<group>"; };
		374AA1E71EC24C6F003CCA80 /* GlesHelper.mm */ = {isa = PBXFileReference; fileEncoding = 4; lastKnownFileType = sourcecode.cpp.objcpp; path = GlesHelper.mm; sourceTree = "<group>"; };
		374AA1E81EC24C6F003CCA80 /* InternalProfiler.cpp */ = {isa = PBXFileReference; fileEncoding = 4; lastKnownFileType = sourcecode.cpp.cpp; path = InternalProfiler.cpp; sourceTree = "<group>"; };
		374AA1E91EC24C6F003CCA80 /* InternalProfiler.h */ = {isa = PBXFileReference; fileEncoding = 4; lastKnownFileType = sourcecode.c.h; path = InternalProfiler.h; sourceTree = "<group>"; };
		374AA1EA1EC24C6F003CCA80 /* IUnityGraphics.h */ = {isa = PBXFileReference; fileEncoding = 4; lastKnownFileType = sourcecode.c.h; path = IUnityGraphics.h; sourceTree = "<group>"; };
		374AA1EB1EC24C6F003CCA80 /* IUnityGraphicsMetal.h */ = {isa = PBXFileReference; fileEncoding = 4; lastKnownFileType = sourcecode.c.h; path = IUnityGraphicsMetal.h; sourceTree = "<group>"; };
		374AA1EC1EC24C6F003CCA80 /* IUnityInterface.h */ = {isa = PBXFileReference; fileEncoding = 4; lastKnownFileType = sourcecode.c.h; path = IUnityInterface.h; sourceTree = "<group>"; };
		374AA1ED1EC24C6F003CCA80 /* MetalHelper.mm */ = {isa = PBXFileReference; fileEncoding = 4; lastKnownFileType = sourcecode.cpp.objcpp; path = MetalHelper.mm; sourceTree = "<group>"; };
		374AA1EE1EC24C6F003CCA80 /* ObjCRuntime.h */ = {isa = PBXFileReference; fileEncoding = 4; lastKnownFileType = sourcecode.c.h; path = ObjCRuntime.h; sourceTree = "<group>"; };
		374AA1EF1EC24C6F003CCA80 /* ObjCRuntime.mm */ = {isa = PBXFileReference; fileEncoding = 4; lastKnownFileType = sourcecode.cpp.objcpp; path = ObjCRuntime.mm; sourceTree = "<group>"; };
		374AA1F01EC24C6F003CCA80 /* OnDemandResources.mm */ = {isa = PBXFileReference; fileEncoding = 4; lastKnownFileType = sourcecode.cpp.objcpp; path = OnDemandResources.mm; sourceTree = "<group>"; };
		374AA1F11EC24C6F003CCA80 /* UnityForwardDecls.h */ = {isa = PBXFileReference; fileEncoding = 4; lastKnownFileType = sourcecode.c.h; path = UnityForwardDecls.h; sourceTree = "<group>"; };
		374AA1F21EC24C6F003CCA80 /* UnityInterface.h */ = {isa = PBXFileReference; fileEncoding = 4; lastKnownFileType = sourcecode.c.h; path = UnityInterface.h; sourceTree = "<group>"; };
		374AA1F31EC24C6F003CCA80 /* UnityMetalSupport.h */ = {isa = PBXFileReference; fileEncoding = 4; lastKnownFileType = sourcecode.c.h; path = UnityMetalSupport.h; sourceTree = "<group>"; };
		374AA1F41EC24C6F003CCA80 /* UnityRendering.h */ = {isa = PBXFileReference; fileEncoding = 4; lastKnownFileType = sourcecode.c.h; path = UnityRendering.h; sourceTree = "<group>"; };
		374AA1F51EC24C6F003CCA80 /* UnityReplayKit.h */ = {isa = PBXFileReference; fileEncoding = 4; lastKnownFileType = sourcecode.c.h; path = UnityReplayKit.h; sourceTree = "<group>"; };
		374AA1F61EC24C6F003CCA80 /* UnityReplayKit.mm */ = {isa = PBXFileReference; fileEncoding = 4; lastKnownFileType = sourcecode.cpp.objcpp; path = UnityReplayKit.mm; sourceTree = "<group>"; };
		374AA1F71EC24C6F003CCA80 /* UnityReplayKit_Scripting.mm */ = {isa = PBXFileReference; fileEncoding = 4; lastKnownFileType = sourcecode.cpp.objcpp; path = UnityReplayKit_Scripting.mm; sourceTree = "<group>"; };
		374AA1F81EC24C6F003CCA80 /* UnityTrampolineCompatibility.h */ = {isa = PBXFileReference; fileEncoding = 4; lastKnownFileType = sourcecode.c.h; path = UnityTrampolineCompatibility.h; sourceTree = "<group>"; };
		374AA1F91EC24C6F003CCA80 /* VideoPlayer.h */ = {isa = PBXFileReference; fileEncoding = 4; lastKnownFileType = sourcecode.c.h; path = VideoPlayer.h; sourceTree = "<group>"; };
		374AA1FA1EC24C6F003CCA80 /* VideoPlayer.mm */ = {isa = PBXFileReference; fileEncoding = 4; lastKnownFileType = sourcecode.cpp.objcpp; path = VideoPlayer.mm; sourceTree = "<group>"; };
		374AA1FB1EC24C6F003CCA80 /* WWWConnection.h */ = {isa = PBXFileReference; fileEncoding = 4; lastKnownFileType = sourcecode.c.h; path = WWWConnection.h; sourceTree = "<group>"; };
		374AA1FC1EC24C6F003CCA80 /* WWWConnection.mm */ = {isa = PBXFileReference; fileEncoding = 4; lastKnownFileType = sourcecode.cpp.objcpp; path = WWWConnection.mm; sourceTree = "<group>"; };
		374AA1FE1EC24C6F003CCA80 /* UnityAdsConfig.h */ = {isa = PBXFileReference; fileEncoding = 4; lastKnownFileType = sourcecode.c.h; path = UnityAdsConfig.h; sourceTree = "<group>"; };
		374AA1FF1EC24C6F003CCA80 /* UnityAdsUnityWrapper.mm */ = {isa = PBXFileReference; fileEncoding = 4; lastKnownFileType = sourcecode.cpp.objcpp; path = UnityAdsUnityWrapper.mm; sourceTree = "<group>"; };
		374AA2001EC24C6F003CCA80 /* UnityAppController+Rendering.h */ = {isa = PBXFileReference; fileEncoding = 4; lastKnownFileType = sourcecode.c.h; path = "UnityAppController+Rendering.h"; sourceTree = "<group>"; };
		374AA2011EC24C6F003CCA80 /* UnityAppController+Rendering.mm */ = {isa = PBXFileReference; fileEncoding = 4; lastKnownFileType = sourcecode.cpp.objcpp; path = "UnityAppController+Rendering.mm"; sourceTree = "<group>"; };
		374AA2021EC24C6F003CCA80 /* UnityAppController+UnityInterface.h */ = {isa = PBXFileReference; fileEncoding = 4; lastKnownFileType = sourcecode.c.h; path = "UnityAppController+UnityInterface.h"; sourceTree = "<group>"; };
		374AA2031EC24C6F003CCA80 /* UnityAppController+UnityInterface.mm */ = {isa = PBXFileReference; fileEncoding = 4; lastKnownFileType = sourcecode.cpp.objcpp; path = "UnityAppController+UnityInterface.mm"; sourceTree = "<group>"; };
		374AA2041EC24C6F003CCA80 /* UnityAppController.h */ = {isa = PBXFileReference; fileEncoding = 4; lastKnownFileType = sourcecode.c.h; path = UnityAppController.h; sourceTree = "<group>"; };
		374AA2051EC24C6F003CCA80 /* UnityAppController.mm */ = {isa = PBXFileReference; fileEncoding = 4; lastKnownFileType = sourcecode.cpp.objcpp; path = UnityAppController.mm; sourceTree = "<group>"; };
		374AA2061EC24C6F003CCA80 /* UnityTrampolineConfigure.h */ = {isa = PBXFileReference; fileEncoding = 4; lastKnownFileType = sourcecode.c.h; path = UnityTrampolineConfigure.h; sourceTree = "<group>"; };
		374AA2071EC24C6F003CCA80 /* Vector3.h */ = {isa = PBXFileReference; fileEncoding = 4; lastKnownFileType = sourcecode.c.h; path = Vector3.h; sourceTree = "<group>"; };
		374AA2631EC24C7C003CCA80 /* Il2CppOptions.cpp */ = {isa = PBXFileReference; fileEncoding = 4; lastKnownFileType = sourcecode.cpp.cpp; path = Il2CppOptions.cpp; sourceTree = "<group>"; };
		374AA43F1EC24C7D003CCA80 /* libiPhone-lib.a */ = {isa = PBXFileReference; lastKnownFileType = archive.ar; path = "libiPhone-lib.a"; sourceTree = "<group>"; };
		374AA4401EC24C7D003CCA80 /* RegisterFeatures.cpp */ = {isa = PBXFileReference; fileEncoding = 4; lastKnownFileType = sourcecode.cpp.cpp; path = RegisterFeatures.cpp; sourceTree = "<group>"; };
		374AA4411EC24C7D003CCA80 /* RegisterFeatures.h */ = {isa = PBXFileReference; fileEncoding = 4; lastKnownFileType = sourcecode.c.h; path = RegisterFeatures.h; sourceTree = "<group>"; };
		374AA4421EC24C7D003CCA80 /* RegisterMonoModules.cpp */ = {isa = PBXFileReference; fileEncoding = 4; lastKnownFileType = sourcecode.cpp.cpp; path = RegisterMonoModules.cpp; sourceTree = "<group>"; };
		374AA4431EC24C7D003CCA80 /* RegisterMonoModules.h */ = {isa = PBXFileReference; fileEncoding = 4; lastKnownFileType = sourcecode.c.h; path = RegisterMonoModules.h; sourceTree = "<group>"; };
		374AA44F1EC2508A003CCA80 /* main.swift */ = {isa = PBXFileReference; fileEncoding = 4; lastKnownFileType = sourcecode.swift; path = main.swift; sourceTree = "<group>"; };
		374AA4551EC36ABD003CCA80 /* Data */ = {isa = PBXFileReference; lastKnownFileType = folder; name = Data; path = ../../../UnityProjects/UnitySceneInfinite/Data; sourceTree = "<group>"; };
		374AA4571EC36D2A003CCA80 /* CoreText.framework */ = {isa = PBXFileReference; lastKnownFileType = wrapper.framework; name = CoreText.framework; path = System/Library/Frameworks/CoreText.framework; sourceTree = SDKROOT; };
		374AA4591EC36D32003CCA80 /* AudioToolbox.framework */ = {isa = PBXFileReference; lastKnownFileType = wrapper.framework; name = AudioToolbox.framework; path = System/Library/Frameworks/AudioToolbox.framework; sourceTree = SDKROOT; };
		374AA45B1EC36D3B003CCA80 /* AVFoundation.framework */ = {isa = PBXFileReference; lastKnownFileType = wrapper.framework; name = AVFoundation.framework; path = System/Library/Frameworks/AVFoundation.framework; sourceTree = SDKROOT; };
		374AA45D1EC36D46003CCA80 /* CFNetwork.framework */ = {isa = PBXFileReference; lastKnownFileType = wrapper.framework; name = CFNetwork.framework; path = System/Library/Frameworks/CFNetwork.framework; sourceTree = SDKROOT; };
		374AA45F1EC36D4B003CCA80 /* CoreGraphics.framework */ = {isa = PBXFileReference; lastKnownFileType = wrapper.framework; name = CoreGraphics.framework; path = System/Library/Frameworks/CoreGraphics.framework; sourceTree = SDKROOT; };
		374AA4611EC36D54003CCA80 /* CoreLocation.framework */ = {isa = PBXFileReference; lastKnownFileType = wrapper.framework; name = CoreLocation.framework; path = System/Library/Frameworks/CoreLocation.framework; sourceTree = SDKROOT; };
		374AA4631EC36D5B003CCA80 /* CoreMedia.framework */ = {isa = PBXFileReference; lastKnownFileType = wrapper.framework; name = CoreMedia.framework; path = System/Library/Frameworks/CoreMedia.framework; sourceTree = SDKROOT; };
		374AA4651EC36D61003CCA80 /* CoreMotion.framework */ = {isa = PBXFileReference; lastKnownFileType = wrapper.framework; name = CoreMotion.framework; path = System/Library/Frameworks/CoreMotion.framework; sourceTree = SDKROOT; };
		374AA4671EC36D6C003CCA80 /* CoreVideo.framework */ = {isa = PBXFileReference; lastKnownFileType = wrapper.framework; name = CoreVideo.framework; path = System/Library/Frameworks/CoreVideo.framework; sourceTree = SDKROOT; };
		374AA4691EC36D72003CCA80 /* Foundation.framework */ = {isa = PBXFileReference; lastKnownFileType = wrapper.framework; name = Foundation.framework; path = System/Library/Frameworks/Foundation.framework; sourceTree = SDKROOT; };
		374AA46B1EC36D7C003CCA80 /* iAd.framework */ = {isa = PBXFileReference; lastKnownFileType = wrapper.framework; name = iAd.framework; path = System/Library/Frameworks/iAd.framework; sourceTree = SDKROOT; };
		374AA46D1EC36D83003CCA80 /* MediaPlayer.framework */ = {isa = PBXFileReference; lastKnownFileType = wrapper.framework; name = MediaPlayer.framework; path = System/Library/Frameworks/MediaPlayer.framework; sourceTree = SDKROOT; };
		374AA46F1EC36D8B003CCA80 /* OpenAL.framework */ = {isa = PBXFileReference; lastKnownFileType = wrapper.framework; name = OpenAL.framework; path = System/Library/Frameworks/OpenAL.framework; sourceTree = SDKROOT; };
		374AA4711EC36D91003CCA80 /* OpenGLES.framework */ = {isa = PBXFileReference; lastKnownFileType = wrapper.framework; name = OpenGLES.framework; path = System/Library/Frameworks/OpenGLES.framework; sourceTree = SDKROOT; };
		374AA4731EC36E48003CCA80 /* QuartzCore.framework */ = {isa = PBXFileReference; lastKnownFileType = wrapper.framework; name = QuartzCore.framework; path = System/Library/Frameworks/QuartzCore.framework; sourceTree = SDKROOT; };
		374AA4751EC36E51003CCA80 /* SystemConfiguration.framework */ = {isa = PBXFileReference; lastKnownFileType = wrapper.framework; name = SystemConfiguration.framework; path = System/Library/Frameworks/SystemConfiguration.framework; sourceTree = SDKROOT; };
		374AA4771EC36E56003CCA80 /* UIKit.framework */ = {isa = PBXFileReference; lastKnownFileType = wrapper.framework; name = UIKit.framework; path = System/Library/Frameworks/UIKit.framework; sourceTree = SDKROOT; };
		374AA4791EC36E6B003CCA80 /* libiconv.2.tbd */ = {isa = PBXFileReference; lastKnownFileType = "sourcecode.text-based-dylib-definition"; name = libiconv.2.tbd; path = usr/lib/libiconv.2.tbd; sourceTree = SDKROOT; };
		374AA47D1EC36E8B003CCA80 /* MediaToolbox.framework */ = {isa = PBXFileReference; lastKnownFileType = wrapper.framework; name = MediaToolbox.framework; path = System/Library/Frameworks/MediaToolbox.framework; sourceTree = SDKROOT; };
		374AA47F1EC36F38003CCA80 /* CoreAudio.framework */ = {isa = PBXFileReference; lastKnownFileType = wrapper.framework; name = CoreAudio.framework; path = System/Library/Frameworks/CoreAudio.framework; sourceTree = SDKROOT; };
		374AA4811EC36F3D003CCA80 /* CoreAudioKit.framework */ = {isa = PBXFileReference; lastKnownFileType = wrapper.framework; name = CoreAudioKit.framework; path = System/Library/Frameworks/CoreAudioKit.framework; sourceTree = SDKROOT; };
		374AA4831EC37312003CCA80 /* ReplayKit.framework */ = {isa = PBXFileReference; lastKnownFileType = wrapper.framework; name = ReplayKit.framework; path = System/Library/Frameworks/ReplayKit.framework; sourceTree = SDKROOT; };
		374AA4861EC38284003CCA80 /* PrefixHeader.pch */ = {isa = PBXFileReference; lastKnownFileType = sourcecode.c.h; path = PrefixHeader.pch; sourceTree = "<group>"; };
		374AA4921ED61C9E003CCA80 /* UnityBridge.h */ = {isa = PBXFileReference; fileEncoding = 4; lastKnownFileType = sourcecode.c.h; name = UnityBridge.h; path = objc/UnityBridge.h; sourceTree = "<group>"; };
		374AA4931ED61C9E003CCA80 /* UnityUtils.h */ = {isa = PBXFileReference; fileEncoding = 4; lastKnownFileType = sourcecode.c.h; path = UnityUtils.h; sourceTree = "<group>"; };
		374AA4941ED61C9E003CCA80 /* UnityUtils.mm */ = {isa = PBXFileReference; fileEncoding = 4; lastKnownFileType = sourcecode.cpp.objcpp; path = UnityUtils.mm; sourceTree = "<group>"; };
		3770F9811E96A89000445CDC /* InfiniteScrolling.app */ = {isa = PBXFileReference; explicitFileType = wrapper.application; includeInIndex = 0; path = InfiniteScrolling.app; sourceTree = BUILT_PRODUCTS_DIR; };
		3770F9841E96A89000445CDC /* AppDelegate.swift */ = {isa = PBXFileReference; lastKnownFileType = sourcecode.swift; path = AppDelegate.swift; sourceTree = "<group>"; };
		3770F9891E96A89000445CDC /* Base */ = {isa = PBXFileReference; lastKnownFileType = file.storyboard; name = Base; path = Base.lproj/Main.storyboard; sourceTree = "<group>"; };
		3770F98B1E96A89000445CDC /* Assets.xcassets */ = {isa = PBXFileReference; lastKnownFileType = folder.assetcatalog; path = Assets.xcassets; sourceTree = "<group>"; };
		3770F98E1E96A89000445CDC /* Base */ = {isa = PBXFileReference; lastKnownFileType = file.storyboard; name = Base; path = Base.lproj/LaunchScreen.storyboard; sourceTree = "<group>"; };
		3770F9901E96A89000445CDC /* Info.plist */ = {isa = PBXFileReference; lastKnownFileType = text.plist.xml; path = Info.plist; sourceTree = "<group>"; };
		3770F9961E96A8FD00445CDC /* Model.swift */ = {isa = PBXFileReference; fileEncoding = 4; lastKnownFileType = sourcecode.swift; path = Model.swift; sourceTree = "<group>"; };
		3790B33D1EAA5A9500F94A5F /* ScrollView.swift */ = {isa = PBXFileReference; fileEncoding = 4; lastKnownFileType = sourcecode.swift; path = ScrollView.swift; sourceTree = "<group>"; };
/* End PBXFileReference section */

/* Begin PBXFrameworksBuildPhase section */
		3770F97E1E96A89000445CDC /* Frameworks */ = {
			isa = PBXFrameworksBuildPhase;
			buildActionMask = 2147483647;
			files = (
				374AA4841EC37312003CCA80 /* ReplayKit.framework in Frameworks */,
				374AA46E1EC36D83003CCA80 /* MediaPlayer.framework in Frameworks */,
				374AA48F1ED61946003CCA80 /* CoreAudio.framework in Frameworks */,
				374AA48E1ED61941003CCA80 /* CoreAudioKit.framework in Frameworks */,
				374AA47E1EC36E8B003CCA80 /* MediaToolbox.framework in Frameworks */,
				374AA47A1EC36E6B003CCA80 /* libiconv.2.tbd in Frameworks */,
				374AA4781EC36E56003CCA80 /* UIKit.framework in Frameworks */,
				374AA4761EC36E51003CCA80 /* SystemConfiguration.framework in Frameworks */,
				374AA4741EC36E48003CCA80 /* QuartzCore.framework in Frameworks */,
				374AA4721EC36D91003CCA80 /* OpenGLES.framework in Frameworks */,
				374AA4701EC36D8B003CCA80 /* OpenAL.framework in Frameworks */,
				374AA46C1EC36D7C003CCA80 /* iAd.framework in Frameworks */,
				374AA46A1EC36D72003CCA80 /* Foundation.framework in Frameworks */,
				374AA4681EC36D6C003CCA80 /* CoreVideo.framework in Frameworks */,
				374AA4661EC36D61003CCA80 /* CoreMotion.framework in Frameworks */,
				374AA4641EC36D5B003CCA80 /* CoreMedia.framework in Frameworks */,
				374AA4621EC36D54003CCA80 /* CoreLocation.framework in Frameworks */,
				374AA4601EC36D4B003CCA80 /* CoreGraphics.framework in Frameworks */,
				374AA45E1EC36D46003CCA80 /* CFNetwork.framework in Frameworks */,
				374AA45C1EC36D3B003CCA80 /* AVFoundation.framework in Frameworks */,
				374AA45A1EC36D32003CCA80 /* AudioToolbox.framework in Frameworks */,
				374AA4581EC36D2A003CCA80 /* CoreText.framework in Frameworks */,
				374AA4471EC24C7D003CCA80 /* libiPhone-lib.a in Frameworks */,
			);
			runOnlyForDeploymentPostprocessing = 0;
		};
/* End PBXFrameworksBuildPhase section */

/* Begin PBXGroup section */
		08E8E70FBF389B2E5882973E /* Frameworks */ = {
			isa = PBXGroup;
			children = (
				374AA4831EC37312003CCA80 /* ReplayKit.framework */,
				374AA4811EC36F3D003CCA80 /* CoreAudioKit.framework */,
				374AA47F1EC36F38003CCA80 /* CoreAudio.framework */,
				374AA47D1EC36E8B003CCA80 /* MediaToolbox.framework */,
				374AA4791EC36E6B003CCA80 /* libiconv.2.tbd */,
				374AA4771EC36E56003CCA80 /* UIKit.framework */,
				374AA4751EC36E51003CCA80 /* SystemConfiguration.framework */,
				374AA4731EC36E48003CCA80 /* QuartzCore.framework */,
				374AA4711EC36D91003CCA80 /* OpenGLES.framework */,
				374AA46F1EC36D8B003CCA80 /* OpenAL.framework */,
				374AA46D1EC36D83003CCA80 /* MediaPlayer.framework */,
				374AA46B1EC36D7C003CCA80 /* iAd.framework */,
				374AA4691EC36D72003CCA80 /* Foundation.framework */,
				374AA4671EC36D6C003CCA80 /* CoreVideo.framework */,
				374AA4651EC36D61003CCA80 /* CoreMotion.framework */,
				374AA4631EC36D5B003CCA80 /* CoreMedia.framework */,
				374AA4611EC36D54003CCA80 /* CoreLocation.framework */,
				374AA45F1EC36D4B003CCA80 /* CoreGraphics.framework */,
				374AA45D1EC36D46003CCA80 /* CFNetwork.framework */,
				374AA45B1EC36D3B003CCA80 /* AVFoundation.framework */,
				374AA4591EC36D32003CCA80 /* AudioToolbox.framework */,
				374AA4571EC36D2A003CCA80 /* CoreText.framework */,
			);
			name = Frameworks;
			sourceTree = "<group>";
		};
		374A92701EC214EE003CCA80 /* View Controllers */ = {
			isa = PBXGroup;
			children = (
				374A92681EBA73C0003CCA80 /* LoginViewController.swift */,
				3790B33D1EAA5A9500F94A5F /* ScrollView.swift */,
				374A926C1EBBBC42003CCA80 /* UserPageViewController.swift */,
			);
			name = "View Controllers";
			sourceTree = "<group>";
		};
		374A92711EC2150B003CCA80 /* Models */ = {
			isa = PBXGroup;
			children = (
				374A926A1EBB81DF003CCA80 /* REST.swift */,
				3723D2C31E9FCE9C00FDD397 /* Data.swift */,
				3770F9961E96A8FD00445CDC /* Model.swift */,
			);
			name = Models;
			sourceTree = "<group>";
		};
		374A9B841EC24C53003CCA80 /* Unity */ = {
			isa = PBXGroup;
			children = (
				374AA4551EC36ABD003CCA80 /* Data */,
				374AA2621EC24C7C003CCA80 /* Libraries */,
				374A9B851EC24C62003CCA80 /* Classes */,
			);
			name = Unity;
			sourceTree = "<group>";
		};
		374A9B851EC24C62003CCA80 /* Classes */ = {
			isa = PBXGroup;
			children = (
				374A9B861EC24C62003CCA80 /* CrashReporter.h */,
				374A9B871EC24C62003CCA80 /* CrashReporter.mm */,
				374A9B881EC24C62003CCA80 /* iPhone_Sensors.h */,
				374A9B891EC24C62003CCA80 /* iPhone_Sensors.mm */,
				374A9B8A1EC24C62003CCA80 /* main.mm */,
				374A9B8B1EC24C62003CCA80 /* Native */,
				374AA1B71EC24C6F003CCA80 /* PLCrashReporter.h */,
				374AA1B81EC24C6F003CCA80 /* PluginBase */,
				374AA1C11EC24C6F003CCA80 /* Prefix.pch */,
				374AA1C21EC24C6F003CCA80 /* Preprocessor.h */,
				374AA1C31EC24C6F003CCA80 /* Quaternion4.h */,
				374AA1C41EC24C6F003CCA80 /* UI */,
				374AA1D61EC24C6F003CCA80 /* Unity */,
				374AA1FD1EC24C6F003CCA80 /* UnityAds */,
				374AA2001EC24C6F003CCA80 /* UnityAppController+Rendering.h */,
				374AA2011EC24C6F003CCA80 /* UnityAppController+Rendering.mm */,
				374AA2021EC24C6F003CCA80 /* UnityAppController+UnityInterface.h */,
				374AA2031EC24C6F003CCA80 /* UnityAppController+UnityInterface.mm */,
				374AA2041EC24C6F003CCA80 /* UnityAppController.h */,
				374AA2051EC24C6F003CCA80 /* UnityAppController.mm */,
				374AA2061EC24C6F003CCA80 /* UnityTrampolineConfigure.h */,
				374AA2071EC24C6F003CCA80 /* Vector3.h */,
			);
			name = Classes;
			path = ../../../UnityProjects/UnitySceneInfinite/Classes;
			sourceTree = "<group>";
		};
		374A9B8B1EC24C62003CCA80 /* Native */ = {
			isa = PBXGroup;
			children = (
				374A9B8C1EC24C62003CCA80 /* Bulk_Generics_0.cpp */,
				374A9B8D1EC24C62003CCA80 /* Bulk_Generics_1.cpp */,
				374A9B8E1EC24C62003CCA80 /* Bulk_Generics_2.cpp */,
				374A9B8F1EC24C62003CCA80 /* Bulk_Generics_3.cpp */,
				374A9B901EC24C62003CCA80 /* Bulk_Generics_4.cpp */,
				374A9B911EC24C62003CCA80 /* Bulk_Mono.Security_0.cpp */,
				374A9B921EC24C62003CCA80 /* Bulk_Mono.Security_1.cpp */,
				374A9B931EC24C62003CCA80 /* Bulk_mscorlib_0.cpp */,
				374A9B941EC24C62003CCA80 /* Bulk_mscorlib_1.cpp */,
				374A9B951EC24C62003CCA80 /* Bulk_mscorlib_2.cpp */,
				374A9B961EC24C62003CCA80 /* Bulk_mscorlib_3.cpp */,
				374A9B971EC24C62003CCA80 /* Bulk_mscorlib_4.cpp */,
				374A9B981EC24C62003CCA80 /* Bulk_mscorlib_5.cpp */,
				374A9B991EC24C62003CCA80 /* Bulk_mscorlib_6.cpp */,
				374A9B9A1EC24C62003CCA80 /* Bulk_mscorlib_7.cpp */,
				374A9B9B1EC24C62003CCA80 /* Bulk_System.Core_0.cpp */,
				374A9B9C1EC24C62003CCA80 /* Bulk_System_0.cpp */,
				374A9B9D1EC24C62003CCA80 /* Bulk_System_1.cpp */,
				374A9B9E1EC24C62003CCA80 /* Bulk_UnityEngine_0.cpp */,
				374A9B9F1EC24C62003CCA80 /* Bulk_UnityEngine_1.cpp */,
				374A9BA51EC24C62003CCA80 /* GenericMethods0.cpp */,
				374A9BA61EC24C62003CCA80 /* Il2CppAttributes.cpp */,
				374A9BA71EC24C62003CCA80 /* Il2CppCodeRegistration.cpp */,
				374A9BA81EC24C62003CCA80 /* Il2CppCompilerCalculateTypeValues_0Table.cpp */,
				374A9BA91EC24C62003CCA80 /* Il2CppCompilerCalculateTypeValues_10Table.cpp */,
				374A9BAA1EC24C62003CCA80 /* Il2CppCompilerCalculateTypeValues_11Table.cpp */,
				374A9BAB1EC24C62003CCA80 /* Il2CppCompilerCalculateTypeValues_12Table.cpp */,
				374A9BAC1EC24C62003CCA80 /* Il2CppCompilerCalculateTypeValues_13Table.cpp */,
				374A9BAD1EC24C62003CCA80 /* Il2CppCompilerCalculateTypeValues_1Table.cpp */,
				374A9BAE1EC24C62003CCA80 /* Il2CppCompilerCalculateTypeValues_2Table.cpp */,
				374A9BAF1EC24C62003CCA80 /* Il2CppCompilerCalculateTypeValues_3Table.cpp */,
				374A9BB01EC24C62003CCA80 /* Il2CppCompilerCalculateTypeValues_4Table.cpp */,
				374A9BB11EC24C62003CCA80 /* Il2CppCompilerCalculateTypeValues_5Table.cpp */,
				374A9BB21EC24C62003CCA80 /* Il2CppCompilerCalculateTypeValues_6Table.cpp */,
				374A9BB31EC24C62003CCA80 /* Il2CppCompilerCalculateTypeValues_7Table.cpp */,
				374A9BB41EC24C62003CCA80 /* Il2CppCompilerCalculateTypeValues_8Table.cpp */,
				374A9BB51EC24C62003CCA80 /* Il2CppCompilerCalculateTypeValues_9Table.cpp */,
				374A9BB61EC24C62003CCA80 /* Il2CppCompilerCalculateTypeValuesTable.cpp */,
				374A9BB71EC24C62003CCA80 /* Il2CppGenericClassTable.cpp */,
				374A9BB81EC24C62003CCA80 /* Il2CppGenericComDefinitions0.cpp */,
				374A9BB91EC24C62003CCA80 /* Il2CppGenericInstDefinitions.cpp */,
				374A9BBA1EC24C62003CCA80 /* Il2CppGenericMethodDefinitions.cpp */,
				374A9BBB1EC24C62003CCA80 /* Il2CppGenericMethodPointerTable.cpp */,
				374A9BBC1EC24C62003CCA80 /* Il2CppGenericMethodTable.cpp */,
				374A9BBD1EC24C62003CCA80 /* Il2CppInteropDataTable.cpp */,
				374A9BBE1EC24C62003CCA80 /* Il2CppInvokerTable.cpp */,
				374A9BBF1EC24C62003CCA80 /* Il2CppMetadataRegistration.cpp */,
				374A9BC01EC24C62003CCA80 /* Il2CppMetadataUsage.cpp */,
				374A9BC11EC24C62003CCA80 /* Il2CppMethodPointerTable.cpp */,
				374A9BC21EC24C62003CCA80 /* Il2CppTypeDefinitions.cpp */,
				374AA0EC1EC24C6C003CCA80 /* UnityClassRegistration.cpp */,
				374AA1B51EC24C6F003CCA80 /* UnityICallRegistration.cpp */,
				374AA1B61EC24C6F003CCA80 /* UnresolvedVirtualCallStubs.cpp */,
			);
			path = Native;
			sourceTree = "<group>";
		};
		374AA1B81EC24C6F003CCA80 /* PluginBase */ = {
			isa = PBXGroup;
			children = (
				374AA1B91EC24C6F003CCA80 /* AppDelegateListener.h */,
				374AA1BA1EC24C6F003CCA80 /* AppDelegateListener.mm */,
				374AA1BB1EC24C6F003CCA80 /* LifeCycleListener.h */,
				374AA1BC1EC24C6F003CCA80 /* LifeCycleListener.mm */,
				374AA1BD1EC24C6F003CCA80 /* RenderPluginDelegate.h */,
				374AA1BE1EC24C6F003CCA80 /* RenderPluginDelegate.mm */,
				374AA1BF1EC24C6F003CCA80 /* UnityViewControllerListener.h */,
				374AA1C01EC24C6F003CCA80 /* UnityViewControllerListener.mm */,
			);
			path = PluginBase;
			sourceTree = "<group>";
		};
		374AA1C41EC24C6F003CCA80 /* UI */ = {
			isa = PBXGroup;
			children = (
				374AA1C51EC24C6F003CCA80 /* ActivityIndicator.h */,
				374AA1C61EC24C6F003CCA80 /* ActivityIndicator.mm */,
				374AA1C71EC24C6F003CCA80 /* Keyboard.h */,
				374AA1C81EC24C6F003CCA80 /* Keyboard.mm */,
				374AA1C91EC24C6F003CCA80 /* OrientationSupport.h */,
				374AA1CA1EC24C6F003CCA80 /* OrientationSupport.mm */,
				374AA1CB1EC24C6F003CCA80 /* SplashScreen.h */,
				374AA1CC1EC24C6F003CCA80 /* SplashScreen.mm */,
				374AA1CD1EC24C6F003CCA80 /* UnityAppController+ViewHandling.h */,
				374AA1CE1EC24C6F003CCA80 /* UnityAppController+ViewHandling.mm */,
				374AA1CF1EC24C6F003CCA80 /* UnityView.h */,
				374AA1D01EC24C6F003CCA80 /* UnityView.mm */,
				374AA1D11EC24C6F003CCA80 /* UnityViewControllerBase.h */,
				374AA1D21EC24C6F003CCA80 /* UnityViewControllerBaseiOS.h */,
				374AA1D31EC24C6F003CCA80 /* UnityViewControllerBaseiOS.mm */,
				374AA1D41EC24C6F003CCA80 /* UnityViewControllerBaseTV.h */,
				374AA1D51EC24C6F003CCA80 /* UnityViewControllerBaseTV.mm */,
			);
			path = UI;
			sourceTree = "<group>";
		};
		374AA1D61EC24C6F003CCA80 /* Unity */ = {
			isa = PBXGroup;
			children = (
				374AA1D71EC24C6F003CCA80 /* AVCapture.h */,
				374AA1D81EC24C6F003CCA80 /* AVCapture.mm */,
				374AA1D91EC24C6F003CCA80 /* CameraCapture.h */,
				374AA1DA1EC24C6F003CCA80 /* CameraCapture.mm */,
				374AA1DB1EC24C6F003CCA80 /* CMVideoSampling.h */,
				374AA1DC1EC24C6F003CCA80 /* CMVideoSampling.mm */,
				374AA1DD1EC24C6F003CCA80 /* CVTextureCache.h */,
				374AA1DE1EC24C6F003CCA80 /* CVTextureCache.mm */,
				374AA1DF1EC24C6F003CCA80 /* DeviceSettings.mm */,
				374AA1E01EC24C6F003CCA80 /* DisplayManager.h */,
				374AA1E11EC24C6F003CCA80 /* DisplayManager.mm */,
				374AA1E21EC24C6F003CCA80 /* EAGLContextHelper.h */,
				374AA1E31EC24C6F003CCA80 /* EAGLContextHelper.mm */,
				374AA1E41EC24C6F003CCA80 /* Filesystem.mm */,
				374AA1E51EC24C6F003CCA80 /* FullScreenVideoPlayer.mm */,
				374AA1E61EC24C6F003CCA80 /* GlesHelper.h */,
				374AA1E71EC24C6F003CCA80 /* GlesHelper.mm */,
				374AA1E81EC24C6F003CCA80 /* InternalProfiler.cpp */,
				374AA1E91EC24C6F003CCA80 /* InternalProfiler.h */,
				374AA1EA1EC24C6F003CCA80 /* IUnityGraphics.h */,
				374AA1EB1EC24C6F003CCA80 /* IUnityGraphicsMetal.h */,
				374AA1EC1EC24C6F003CCA80 /* IUnityInterface.h */,
				374AA1ED1EC24C6F003CCA80 /* MetalHelper.mm */,
				374AA1EE1EC24C6F003CCA80 /* ObjCRuntime.h */,
				374AA1EF1EC24C6F003CCA80 /* ObjCRuntime.mm */,
				374AA1F01EC24C6F003CCA80 /* OnDemandResources.mm */,
				374AA1F11EC24C6F003CCA80 /* UnityForwardDecls.h */,
				374AA1F21EC24C6F003CCA80 /* UnityInterface.h */,
				374AA1F31EC24C6F003CCA80 /* UnityMetalSupport.h */,
				374AA1F41EC24C6F003CCA80 /* UnityRendering.h */,
				374AA1F51EC24C6F003CCA80 /* UnityReplayKit.h */,
				374AA1F61EC24C6F003CCA80 /* UnityReplayKit.mm */,
				374AA1F71EC24C6F003CCA80 /* UnityReplayKit_Scripting.mm */,
				374AA1F81EC24C6F003CCA80 /* UnityTrampolineCompatibility.h */,
				374AA1F91EC24C6F003CCA80 /* VideoPlayer.h */,
				374AA1FA1EC24C6F003CCA80 /* VideoPlayer.mm */,
				374AA1FB1EC24C6F003CCA80 /* WWWConnection.h */,
				374AA1FC1EC24C6F003CCA80 /* WWWConnection.mm */,
			);
			path = Unity;
			sourceTree = "<group>";
		};
		374AA1FD1EC24C6F003CCA80 /* UnityAds */ = {
			isa = PBXGroup;
			children = (
				374AA1FE1EC24C6F003CCA80 /* UnityAdsConfig.h */,
				374AA1FF1EC24C6F003CCA80 /* UnityAdsUnityWrapper.mm */,
			);
			path = UnityAds;
			sourceTree = "<group>";
		};
		374AA2621EC24C7C003CCA80 /* Libraries */ = {
			isa = PBXGroup;
			children = (
				374AA2631EC24C7C003CCA80 /* Il2CppOptions.cpp */,
				374AA43F1EC24C7D003CCA80 /* libiPhone-lib.a */,
				374AA4401EC24C7D003CCA80 /* RegisterFeatures.cpp */,
				374AA4411EC24C7D003CCA80 /* RegisterFeatures.h */,
				374AA4421EC24C7D003CCA80 /* RegisterMonoModules.cpp */,
				374AA4431EC24C7D003CCA80 /* RegisterMonoModules.h */,
			);
			name = Libraries;
			path = ../../../UnityProjects/UnitySceneInfinite/Libraries;
			sourceTree = "<group>";
		};
		374AA4911ED61C9E003CCA80 /* objc */ = {
			isa = PBXGroup;
			children = (
				374AA4931ED61C9E003CCA80 /* UnityUtils.h */,
				374AA4941ED61C9E003CCA80 /* UnityUtils.mm */,
			);
			path = objc;
			sourceTree = "<group>";
		};
		3770F9781E96A89000445CDC = {
			isa = PBXGroup;
			children = (
				374A92721EC21C9F003CCA80 /* Unity.xcconfig */,
				3770F9831E96A89000445CDC /* InfiniteScrolling */,
				3770F9821E96A89000445CDC /* Products */,
				08E8E70FBF389B2E5882973E /* Frameworks */,
			);
			sourceTree = "<group>";
		};
		3770F9821E96A89000445CDC /* Products */ = {
			isa = PBXGroup;
			children = (
				3770F9811E96A89000445CDC /* InfiniteScrolling.app */,
			);
			name = Products;
			sourceTree = "<group>";
		};
		3770F9831E96A89000445CDC /* InfiniteScrolling */ = {
			isa = PBXGroup;
			children = (
				374AA4921ED61C9E003CCA80 /* UnityBridge.h */,
				374AA4911ED61C9E003CCA80 /* objc */,
				374A9B841EC24C53003CCA80 /* Unity */,
				374A92711EC2150B003CCA80 /* Models */,
				374A92701EC214EE003CCA80 /* View Controllers */,
				374A926E1EBBBE52003CCA80 /* UserDefaults.swift */,
				3770F9841E96A89000445CDC /* AppDelegate.swift */,
				3770F9881E96A89000445CDC /* Main.storyboard */,
				3770F98B1E96A89000445CDC /* Assets.xcassets */,
				3770F98D1E96A89000445CDC /* LaunchScreen.storyboard */,
				3770F9901E96A89000445CDC /* Info.plist */,
				374AA44F1EC2508A003CCA80 /* main.swift */,
				374AA4861EC38284003CCA80 /* PrefixHeader.pch */,
			);
			path = InfiniteScrolling;
			sourceTree = "<group>";
		};
/* End PBXGroup section */

/* Begin PBXNativeTarget section */
		3770F9801E96A89000445CDC /* InfiniteScrolling */ = {
			isa = PBXNativeTarget;
			buildConfigurationList = 3770F9931E96A89000445CDC /* Build configuration list for PBXNativeTarget "InfiniteScrolling" */;
			buildPhases = (
				3770F97D1E96A89000445CDC /* Sources */,
				3770F97E1E96A89000445CDC /* Frameworks */,
				3770F97F1E96A89000445CDC /* Resources */,
				374A92741EC23E97003CCA80 /* ShellScript */,
			);
			buildRules = (
			);
			dependencies = (
			);
			name = InfiniteScrolling;
			productName = InfiniteScrolling;
			productReference = 3770F9811E96A89000445CDC /* InfiniteScrolling.app */;
			productType = "com.apple.product-type.application";
		};
/* End PBXNativeTarget section */

/* Begin PBXProject section */
		3770F9791E96A89000445CDC /* Project object */ = {
			isa = PBXProject;
			attributes = {
				LastSwiftUpdateCheck = 0820;
				LastUpgradeCheck = 0820;
				ORGANIZATIONNAME = DH;
				TargetAttributes = {
					3770F9801E96A89000445CDC = {
						CreatedOnToolsVersion = 8.2.1;
						DevelopmentTeam = R92756Z4HH;
						ProvisioningStyle = Automatic;
					};
				};
			};
			buildConfigurationList = 3770F97C1E96A89000445CDC /* Build configuration list for PBXProject "InfiniteScrolling" */;
			compatibilityVersion = "Xcode 3.2";
			developmentRegion = English;
			hasScannedForEncodings = 0;
			knownRegions = (
				en,
				Base,
			);
			mainGroup = 3770F9781E96A89000445CDC;
			productRefGroup = 3770F9821E96A89000445CDC /* Products */;
			projectDirPath = "";
			projectRoot = "";
			targets = (
				3770F9801E96A89000445CDC /* InfiniteScrolling */,
			);
		};
/* End PBXProject section */

/* Begin PBXResourcesBuildPhase section */
		3770F97F1E96A89000445CDC /* Resources */ = {
			isa = PBXResourcesBuildPhase;
			buildActionMask = 2147483647;
			files = (
				3770F98F1E96A89000445CDC /* LaunchScreen.storyboard in Resources */,
				3770F98C1E96A89000445CDC /* Assets.xcassets in Resources */,
				374AA4561EC36ABD003CCA80 /* Data in Resources */,
				374A92731EC21C9F003CCA80 /* Unity.xcconfig in Resources */,
				3770F98A1E96A89000445CDC /* Main.storyboard in Resources */,
			);
			runOnlyForDeploymentPostprocessing = 0;
		};
/* End PBXResourcesBuildPhase section */

/* Begin PBXShellScriptBuildPhase section */
		374A92741EC23E97003CCA80 /* ShellScript */ = {
			isa = PBXShellScriptBuildPhase;
			buildActionMask = 2147483647;
			files = (
			);
			inputPaths = (
			);
			outputPaths = (
			);
			runOnlyForDeploymentPostprocessing = 0;
			shellPath = /bin/sh;
			shellScript = "rm -rf \"$TARGET_BUILD_DIR/$PRODUCT_NAME.app/Data\";\ncp -Rf \"$UNITY_IOS_EXPORT_PATH/Data\" \"$TARGET_BUILD_DIR/$PRODUCT_NAME.app/Data\";";
		};
/* End PBXShellScriptBuildPhase section */

/* Begin PBXSourcesBuildPhase section */
		3770F97D1E96A89000445CDC /* Sources */ = {
			isa = PBXSourcesBuildPhase;
			buildActionMask = 2147483647;
			files = (
				374AA4441EC24C7D003CCA80 /* Il2CppOptions.cpp in Sources */,
				374AA2521EC24C70003CCA80 /* EAGLContextHelper.mm in Sources */,
				374AA2301EC24C6F003CCA80 /* Il2CppCompilerCalculateTypeValuesTable.cpp in Sources */,
				374AA2551EC24C70003CCA80 /* GlesHelper.mm in Sources */,
				3790B33E1EAA5A9500F94A5F /* ScrollView.swift in Sources */,
				374AA21C1EC24C6F003CCA80 /* Bulk_System_1.cpp in Sources */,
				374AA2241EC24C6F003CCA80 /* Il2CppCompilerCalculateTypeValues_11Table.cpp in Sources */,
				374AA2321EC24C6F003CCA80 /* Il2CppGenericComDefinitions0.cpp in Sources */,
				374AA2391EC24C6F003CCA80 /* Il2CppMetadataRegistration.cpp in Sources */,
				374AA2461EC24C70003CCA80 /* OrientationSupport.mm in Sources */,
				374AA24C1EC24C70003CCA80 /* AVCapture.mm in Sources */,
				374AA2081EC24C6F003CCA80 /* CrashReporter.mm in Sources */,
				374AA22C1EC24C6F003CCA80 /* Il2CppCompilerCalculateTypeValues_6Table.cpp in Sources */,
				374AA2341EC24C6F003CCA80 /* Il2CppGenericMethodDefinitions.cpp in Sources */,
				374AA2561EC24C70003CCA80 /* InternalProfiler.cpp in Sources */,
				374AA20D1EC24C6F003CCA80 /* Bulk_Generics_2.cpp in Sources */,
				374AA2101EC24C6F003CCA80 /* Bulk_Mono.Security_0.cpp in Sources */,
				374AA21F1EC24C6F003CCA80 /* GenericMethods0.cpp in Sources */,
				374AA2131EC24C6F003CCA80 /* Bulk_mscorlib_1.cpp in Sources */,
				3770F9971E96A8FD00445CDC /* Model.swift in Sources */,
				374AA2611EC24C70003CCA80 /* UnityAppController.mm in Sources */,
				374AA2191EC24C6F003CCA80 /* Bulk_mscorlib_7.cpp in Sources */,
				374AA21B1EC24C6F003CCA80 /* Bulk_System_0.cpp in Sources */,
				374AA2201EC24C6F003CCA80 /* Il2CppAttributes.cpp in Sources */,
				374AA2481EC24C70003CCA80 /* UnityAppController+ViewHandling.mm in Sources */,
				374AA2421EC24C70003CCA80 /* RenderPluginDelegate.mm in Sources */,
				374AA2491EC24C70003CCA80 /* UnityView.mm in Sources */,
				374AA20F1EC24C6F003CCA80 /* Bulk_Generics_4.cpp in Sources */,
				374A926D1EBBBC42003CCA80 /* UserPageViewController.swift in Sources */,
				374AA21E1EC24C6F003CCA80 /* Bulk_UnityEngine_1.cpp in Sources */,
				374AA2121EC24C6F003CCA80 /* Bulk_mscorlib_0.cpp in Sources */,
				374AA2401EC24C70003CCA80 /* AppDelegateListener.mm in Sources */,
				374AA2091EC24C6F003CCA80 /* iPhone_Sensors.mm in Sources */,
				374A926B1EBB81DF003CCA80 /* REST.swift in Sources */,
				374AA23A1EC24C6F003CCA80 /* Il2CppMetadataUsage.cpp in Sources */,
				374AA2511EC24C70003CCA80 /* DisplayManager.mm in Sources */,
				374AA22E1EC24C6F003CCA80 /* Il2CppCompilerCalculateTypeValues_8Table.cpp in Sources */,
				374AA23B1EC24C6F003CCA80 /* Il2CppMethodPointerTable.cpp in Sources */,
				374A92691EBA73C0003CCA80 /* LoginViewController.swift in Sources */,
				374AA2161EC24C6F003CCA80 /* Bulk_mscorlib_4.cpp in Sources */,
				374AA2251EC24C6F003CCA80 /* Il2CppCompilerCalculateTypeValues_12Table.cpp in Sources */,
				374AA2431EC24C70003CCA80 /* UnityViewControllerListener.mm in Sources */,
				374AA2261EC24C6F003CCA80 /* Il2CppCompilerCalculateTypeValues_13Table.cpp in Sources */,
				374AA2411EC24C70003CCA80 /* LifeCycleListener.mm in Sources */,
				374AA24F1EC24C70003CCA80 /* CVTextureCache.mm in Sources */,
				374AA21A1EC24C6F003CCA80 /* Bulk_System.Core_0.cpp in Sources */,
				374AA2181EC24C6F003CCA80 /* Bulk_mscorlib_6.cpp in Sources */,
				374AA25F1EC24C70003CCA80 /* UnityAppController+Rendering.mm in Sources */,
				374AA2441EC24C70003CCA80 /* ActivityIndicator.mm in Sources */,
				374AA20B1EC24C6F003CCA80 /* Bulk_Generics_0.cpp in Sources */,
				374AA21D1EC24C6F003CCA80 /* Bulk_UnityEngine_0.cpp in Sources */,
				374AA2381EC24C6F003CCA80 /* Il2CppInvokerTable.cpp in Sources */,
				374AA4481EC24C7D003CCA80 /* RegisterFeatures.cpp in Sources */,
				374AA25A1EC24C70003CCA80 /* UnityReplayKit.mm in Sources */,
				374AA2371EC24C6F003CCA80 /* Il2CppInteropDataTable.cpp in Sources */,
				374AA2221EC24C6F003CCA80 /* Il2CppCompilerCalculateTypeValues_0Table.cpp in Sources */,
				374AA24D1EC24C70003CCA80 /* CameraCapture.mm in Sources */,
				374AA2591EC24C70003CCA80 /* OnDemandResources.mm in Sources */,
				374AA2331EC24C6F003CCA80 /* Il2CppGenericInstDefinitions.cpp in Sources */,
				374AA4491EC24C7D003CCA80 /* RegisterMonoModules.cpp in Sources */,
				374A926F1EBBBE52003CCA80 /* UserDefaults.swift in Sources */,
				374AA2581EC24C70003CCA80 /* ObjCRuntime.mm in Sources */,
				374AA22D1EC24C6F003CCA80 /* Il2CppCompilerCalculateTypeValues_7Table.cpp in Sources */,
				374AA24A1EC24C70003CCA80 /* UnityViewControllerBaseiOS.mm in Sources */,
				374AA23E1EC24C70003CCA80 /* UnityICallRegistration.cpp in Sources */,
				374AA4951ED61C9E003CCA80 /* UnityUtils.mm in Sources */,
				374AA23F1EC24C70003CCA80 /* UnresolvedVirtualCallStubs.cpp in Sources */,
				374AA2541EC24C70003CCA80 /* FullScreenVideoPlayer.mm in Sources */,
				374AA2171EC24C6F003CCA80 /* Bulk_mscorlib_5.cpp in Sources */,
				374AA2111EC24C6F003CCA80 /* Bulk_Mono.Security_1.cpp in Sources */,
				374AA2311EC24C6F003CCA80 /* Il2CppGenericClassTable.cpp in Sources */,
				374AA22F1EC24C6F003CCA80 /* Il2CppCompilerCalculateTypeValues_9Table.cpp in Sources */,
				374AA24E1EC24C70003CCA80 /* CMVideoSampling.mm in Sources */,
				374AA23D1EC24C70003CCA80 /* UnityClassRegistration.cpp in Sources */,
				374AA2151EC24C6F003CCA80 /* Bulk_mscorlib_3.cpp in Sources */,
				374AA23C1EC24C6F003CCA80 /* Il2CppTypeDefinitions.cpp in Sources */,
				374AA2361EC24C6F003CCA80 /* Il2CppGenericMethodTable.cpp in Sources */,
				374AA2531EC24C70003CCA80 /* Filesystem.mm in Sources */,
				374AA2451EC24C70003CCA80 /* Keyboard.mm in Sources */,
				374AA2471EC24C70003CCA80 /* SplashScreen.mm in Sources */,
				374AA22A1EC24C6F003CCA80 /* Il2CppCompilerCalculateTypeValues_4Table.cpp in Sources */,
				374AA2571EC24C70003CCA80 /* MetalHelper.mm in Sources */,
				374AA20C1EC24C6F003CCA80 /* Bulk_Generics_1.cpp in Sources */,
				3770F9851E96A89000445CDC /* AppDelegate.swift in Sources */,
				374AA24B1EC24C70003CCA80 /* UnityViewControllerBaseTV.mm in Sources */,
				374AA2271EC24C6F003CCA80 /* Il2CppCompilerCalculateTypeValues_1Table.cpp in Sources */,
				374AA25D1EC24C70003CCA80 /* WWWConnection.mm in Sources */,
				374AA25E1EC24C70003CCA80 /* UnityAdsUnityWrapper.mm in Sources */,
				374AA2231EC24C6F003CCA80 /* Il2CppCompilerCalculateTypeValues_10Table.cpp in Sources */,
				374AA2601EC24C70003CCA80 /* UnityAppController+UnityInterface.mm in Sources */,
				3723D2C41E9FCE9C00FDD397 /* Data.swift in Sources */,
				374AA25B1EC24C70003CCA80 /* UnityReplayKit_Scripting.mm in Sources */,
				374AA2351EC24C6F003CCA80 /* Il2CppGenericMethodPointerTable.cpp in Sources */,
				374AA22B1EC24C6F003CCA80 /* Il2CppCompilerCalculateTypeValues_5Table.cpp in Sources */,
				374AA2141EC24C6F003CCA80 /* Bulk_mscorlib_2.cpp in Sources */,
				374AA4501EC2508A003CCA80 /* main.swift in Sources */,
				374AA2281EC24C6F003CCA80 /* Il2CppCompilerCalculateTypeValues_2Table.cpp in Sources */,
				374AA20E1EC24C6F003CCA80 /* Bulk_Generics_3.cpp in Sources */,
				374AA2291EC24C6F003CCA80 /* Il2CppCompilerCalculateTypeValues_3Table.cpp in Sources */,
				374AA25C1EC24C70003CCA80 /* VideoPlayer.mm in Sources */,
				374AA2501EC24C70003CCA80 /* DeviceSettings.mm in Sources */,
				374AA2211EC24C6F003CCA80 /* Il2CppCodeRegistration.cpp in Sources */,
			);
			runOnlyForDeploymentPostprocessing = 0;
		};
/* End PBXSourcesBuildPhase section */

/* Begin PBXVariantGroup section */
		3770F9881E96A89000445CDC /* Main.storyboard */ = {
			isa = PBXVariantGroup;
			children = (
				3770F9891E96A89000445CDC /* Base */,
			);
			name = Main.storyboard;
			sourceTree = "<group>";
		};
		3770F98D1E96A89000445CDC /* LaunchScreen.storyboard */ = {
			isa = PBXVariantGroup;
			children = (
				3770F98E1E96A89000445CDC /* Base */,
			);
			name = LaunchScreen.storyboard;
			sourceTree = "<group>";
		};
/* End PBXVariantGroup section */

/* Begin XCBuildConfiguration section */
		3770F9911E96A89000445CDC /* Debug */ = {
			isa = XCBuildConfiguration;
			buildSettings = {
				ALWAYS_SEARCH_USER_PATHS = NO;
				CLANG_ANALYZER_NONNULL = YES;
				CLANG_CXX_LANGUAGE_STANDARD = "gnu++0x";
				CLANG_CXX_LIBRARY = "libc++";
				CLANG_ENABLE_MODULES = YES;
				CLANG_ENABLE_OBJC_ARC = YES;
				CLANG_WARN_BOOL_CONVERSION = YES;
				CLANG_WARN_CONSTANT_CONVERSION = YES;
				CLANG_WARN_DIRECT_OBJC_ISA_USAGE = YES_ERROR;
				CLANG_WARN_DOCUMENTATION_COMMENTS = YES;
				CLANG_WARN_EMPTY_BODY = YES;
				CLANG_WARN_ENUM_CONVERSION = YES;
				CLANG_WARN_INFINITE_RECURSION = YES;
				CLANG_WARN_INT_CONVERSION = YES;
				CLANG_WARN_OBJC_ROOT_CLASS = YES_ERROR;
				CLANG_WARN_SUSPICIOUS_MOVE = YES;
				CLANG_WARN_UNREACHABLE_CODE = YES;
				CLANG_WARN__DUPLICATE_METHOD_MATCH = YES;
				"CODE_SIGN_IDENTITY[sdk=iphoneos*]" = "iPhone Developer";
				COPY_PHASE_STRIP = NO;
				DEBUG_INFORMATION_FORMAT = dwarf;
				ENABLE_STRICT_OBJC_MSGSEND = YES;
				ENABLE_TESTABILITY = YES;
				GCC_C_LANGUAGE_STANDARD = gnu99;
				GCC_DYNAMIC_NO_PIC = NO;
				GCC_NO_COMMON_BLOCKS = YES;
				GCC_OPTIMIZATION_LEVEL = 0;
				GCC_PREPROCESSOR_DEFINITIONS = (
					"DEBUG=1",
					"$(inherited)",
				);
				GCC_WARN_64_TO_32_BIT_CONVERSION = YES;
				GCC_WARN_ABOUT_RETURN_TYPE = YES_ERROR;
				GCC_WARN_UNDECLARED_SELECTOR = YES;
				GCC_WARN_UNINITIALIZED_AUTOS = YES_AGGRESSIVE;
				GCC_WARN_UNUSED_FUNCTION = YES;
				GCC_WARN_UNUSED_VARIABLE = YES;
				IPHONEOS_DEPLOYMENT_TARGET = 9.0;
				MTL_ENABLE_DEBUG_INFO = YES;
				ONLY_ACTIVE_ARCH = YES;
				SDKROOT = iphoneos;
				SWIFT_ACTIVE_COMPILATION_CONDITIONS = DEBUG;
				SWIFT_OPTIMIZATION_LEVEL = "-Onone";
			};
			name = Debug;
		};
		3770F9921E96A89000445CDC /* Release */ = {
			isa = XCBuildConfiguration;
			buildSettings = {
				ALWAYS_SEARCH_USER_PATHS = NO;
				CLANG_ANALYZER_NONNULL = YES;
				CLANG_CXX_LANGUAGE_STANDARD = "gnu++0x";
				CLANG_CXX_LIBRARY = "libc++";
				CLANG_ENABLE_MODULES = YES;
				CLANG_ENABLE_OBJC_ARC = YES;
				CLANG_WARN_BOOL_CONVERSION = YES;
				CLANG_WARN_CONSTANT_CONVERSION = YES;
				CLANG_WARN_DIRECT_OBJC_ISA_USAGE = YES_ERROR;
				CLANG_WARN_DOCUMENTATION_COMMENTS = YES;
				CLANG_WARN_EMPTY_BODY = YES;
				CLANG_WARN_ENUM_CONVERSION = YES;
				CLANG_WARN_INFINITE_RECURSION = YES;
				CLANG_WARN_INT_CONVERSION = YES;
				CLANG_WARN_OBJC_ROOT_CLASS = YES_ERROR;
				CLANG_WARN_SUSPICIOUS_MOVE = YES;
				CLANG_WARN_UNREACHABLE_CODE = YES;
				CLANG_WARN__DUPLICATE_METHOD_MATCH = YES;
				"CODE_SIGN_IDENTITY[sdk=iphoneos*]" = "iPhone Developer";
				COPY_PHASE_STRIP = NO;
				DEBUG_INFORMATION_FORMAT = "dwarf-with-dsym";
				ENABLE_NS_ASSERTIONS = NO;
				ENABLE_STRICT_OBJC_MSGSEND = YES;
				GCC_C_LANGUAGE_STANDARD = gnu99;
				GCC_NO_COMMON_BLOCKS = YES;
				GCC_WARN_64_TO_32_BIT_CONVERSION = YES;
				GCC_WARN_ABOUT_RETURN_TYPE = YES_ERROR;
				GCC_WARN_UNDECLARED_SELECTOR = YES;
				GCC_WARN_UNINITIALIZED_AUTOS = YES_AGGRESSIVE;
				GCC_WARN_UNUSED_FUNCTION = YES;
				GCC_WARN_UNUSED_VARIABLE = YES;
				IPHONEOS_DEPLOYMENT_TARGET = 9.0;
				MTL_ENABLE_DEBUG_INFO = NO;
				SDKROOT = iphoneos;
				SWIFT_OPTIMIZATION_LEVEL = "-Owholemodule";
				VALIDATE_PRODUCT = YES;
			};
			name = Release;
		};
		3770F9941E96A89000445CDC /* Debug */ = {
			isa = XCBuildConfiguration;
			baseConfigurationReference = 374A92721EC21C9F003CCA80 /* Unity.xcconfig */;
			buildSettings = {
				ASSETCATALOG_COMPILER_APPICON_NAME = AppIcon;
				CLANG_CXX_LANGUAGE_STANDARD = "compiler-default";
				CLANG_CXX_LIBRARY = "libc++";
				CLANG_WARN_DEPRECATED_OBJC_IMPLEMENTATIONS = YES;
				DEVELOPMENT_TEAM = R92756Z4HH;
				FRAMEWORK_SEARCH_PATHS = "";
				GCC_C_LANGUAGE_STANDARD = c99;
				GCC_ENABLE_CPP_RTTI = NO;
				GCC_PREFIX_HEADER = ./InfiniteScrolling/PrefixHeader.pch;
				INFOPLIST_FILE = InfiniteScrolling/Info.plist;
				LD_RUNPATH_SEARCH_PATHS = "$(inherited) @executable_path/Frameworks";
				LIBRARY_SEARCH_PATHS = (
					"${SRCROOT}/../../UnityProjects/UnitySceneInfinite",
					"${SRCROOT}/../../UnityProjects/UnitySceneInfinite/Libraries",
				);
				OTHER_LDFLAGS = (
					"-weak_framework",
					CoreMotion,
					"-weak-lSystem",
				);
				PRODUCT_BUNDLE_IDENTIFIER = com.danhefter.InfiniteScrolling;
				PRODUCT_NAME = "$(TARGET_NAME)";
				SWIFT_OBJC_BRIDGING_HEADER = ./InfiniteScrolling/UnityBridge.h;
				SWIFT_VERSION = 3.0;
				UNITY_IOS_EXPORT_PATH = "${SRCROOT}/../../UnityProjects/UnitySceneInfinite";
				UNITY_RUNTIME_VERSION = 5.6.0f3;
				USER_HEADER_SEARCH_PATHS = "${SRCROOT}/../../UnityProjects/UnitySceneInfinite/Libraries ${SRCROOT}/../../UnityProjects/UnitySceneInfinite/Libraries/libil2cpp/include ${SRCROOT}/../../UnityProjects/UnitySceneInfinite/Classes/Native ${SRCROOT}/../../UnityProjects/UnitySceneInfinite/Classes ${SRCROOT}/../../UnityProjects/UnitySceneInfinite";
			};
			name = Debug;
		};
		3770F9951E96A89000445CDC /* Release */ = {
			isa = XCBuildConfiguration;
			baseConfigurationReference = 374A92721EC21C9F003CCA80 /* Unity.xcconfig */;
			buildSettings = {
				ASSETCATALOG_COMPILER_APPICON_NAME = AppIcon;
				CLANG_CXX_LANGUAGE_STANDARD = "compiler-default";
				CLANG_CXX_LIBRARY = "libc++";
				CLANG_WARN_DEPRECATED_OBJC_IMPLEMENTATIONS = YES;
				DEVELOPMENT_TEAM = R92756Z4HH;
				FRAMEWORK_SEARCH_PATHS = "";
				GCC_C_LANGUAGE_STANDARD = c99;
				GCC_ENABLE_CPP_RTTI = NO;
				GCC_PREFIX_HEADER = ./InfiniteScrolling/PrefixHeader.pch;
				INFOPLIST_FILE = InfiniteScrolling/Info.plist;
				LD_RUNPATH_SEARCH_PATHS = "$(inherited) @executable_path/Frameworks";
				LIBRARY_SEARCH_PATHS = (
					"${SRCROOT}/../../UnityProjects/UnitySceneInfinite",
					"${SRCROOT}/../../UnityProjects/UnitySceneInfinite/Libraries",
				);
				OTHER_LDFLAGS = (
					"-weak_framework",
					CoreMotion,
					"-weak-lSystem",
				);
				PRODUCT_BUNDLE_IDENTIFIER = com.danhefter.InfiniteScrolling;
				PRODUCT_NAME = "$(TARGET_NAME)";
				SWIFT_OBJC_BRIDGING_HEADER = ./InfiniteScrolling/UnityBridge.h;
				SWIFT_VERSION = 3.0;
				UNITY_IOS_EXPORT_PATH = "${SRCROOT}/../../UnityProjects/UnitySceneInfinite";
				UNITY_RUNTIME_VERSION = 5.6.0f3;
				USER_HEADER_SEARCH_PATHS = "${SRCROOT}/../../UnityProjects/UnitySceneInfinite/Libraries ${SRCROOT}/../../UnityProjects/UnitySceneInfinite/Libraries/libil2cpp/include ${SRCROOT}/../../UnityProjects/UnitySceneInfinite/Classes/Native ${SRCROOT}/../../UnityProjects/UnitySceneInfinite/Classes ${SRCROOT}/../../UnityProjects/UnitySceneInfinite";
			};
			name = Release;
		};
/* End XCBuildConfiguration section */

/* Begin XCConfigurationList section */
		3770F97C1E96A89000445CDC /* Build configuration list for PBXProject "InfiniteScrolling" */ = {
			isa = XCConfigurationList;
			buildConfigurations = (
				3770F9911E96A89000445CDC /* Debug */,
				3770F9921E96A89000445CDC /* Release */,
			);
			defaultConfigurationIsVisible = 0;
			defaultConfigurationName = Release;
		};
		3770F9931E96A89000445CDC /* Build configuration list for PBXNativeTarget "InfiniteScrolling" */ = {
			isa = XCConfigurationList;
			buildConfigurations = (
				3770F9941E96A89000445CDC /* Debug */,
				3770F9951E96A89000445CDC /* Release */,
			);
			defaultConfigurationIsVisible = 0;
			defaultConfigurationName = Release;
		};
/* End XCConfigurationList section */
	};
	rootObject = 3770F9791E96A89000445CDC /* Project object */;
}
