// !$*UTF8*$!
{
	archiveVersion = 1;
	classes = {
	};
	objectVersion = 46;
	objects = {

/* Begin PBXBuildFile section */
		2F026387A6D4FB826FD28948 /* Pods_InfiniteScrolling.framework in Frameworks */ = {isa = PBXBuildFile; fileRef = 16EEC3AC68EED8880B07353F /* Pods_InfiniteScrolling.framework */; };
		3723D2C41E9FCE9C00FDD397 /* Data.swift in Sources */ = {isa = PBXBuildFile; fileRef = 3723D2C31E9FCE9C00FDD397 /* Data.swift */; };
		374A92691EBA73C0003CCA80 /* LoginViewController.swift in Sources */ = {isa = PBXBuildFile; fileRef = 374A92681EBA73C0003CCA80 /* LoginViewController.swift */; };
		374A926B1EBB81DF003CCA80 /* REST.swift in Sources */ = {isa = PBXBuildFile; fileRef = 374A926A1EBB81DF003CCA80 /* REST.swift */; };
		374A926D1EBBBC42003CCA80 /* UserPageViewController.swift in Sources */ = {isa = PBXBuildFile; fileRef = 374A926C1EBBBC42003CCA80 /* UserPageViewController.swift */; };
		374A926F1EBBBE52003CCA80 /* UserDefaults.swift in Sources */ = {isa = PBXBuildFile; fileRef = 374A926E1EBBBE52003CCA80 /* UserDefaults.swift */; };
		374AA4891ECB676C003CCA80 /* BinaryTreeViewController.swift in Sources */ = {isa = PBXBuildFile; fileRef = 374AA4881ECB676C003CCA80 /* BinaryTreeViewController.swift */; };
		374AA48B1ECCD39E003CCA80 /* NonScrollBinaryTreeViewController.swift in Sources */ = {isa = PBXBuildFile; fileRef = 374AA48A1ECCD39E003CCA80 /* NonScrollBinaryTreeViewController.swift */; };
		3770F9851E96A89000445CDC /* AppDelegate.swift in Sources */ = {isa = PBXBuildFile; fileRef = 3770F9841E96A89000445CDC /* AppDelegate.swift */; };
		3770F98A1E96A89000445CDC /* Main.storyboard in Resources */ = {isa = PBXBuildFile; fileRef = 3770F9881E96A89000445CDC /* Main.storyboard */; };
		3770F98C1E96A89000445CDC /* Assets.xcassets in Resources */ = {isa = PBXBuildFile; fileRef = 3770F98B1E96A89000445CDC /* Assets.xcassets */; };
		3770F98F1E96A89000445CDC /* LaunchScreen.storyboard in Resources */ = {isa = PBXBuildFile; fileRef = 3770F98D1E96A89000445CDC /* LaunchScreen.storyboard */; };
		3770F9971E96A8FD00445CDC /* Model.swift in Sources */ = {isa = PBXBuildFile; fileRef = 3770F9961E96A8FD00445CDC /* Model.swift */; };
		3790B33E1EAA5A9500F94A5F /* ScrollView.swift in Sources */ = {isa = PBXBuildFile; fileRef = 3790B33D1EAA5A9500F94A5F /* ScrollView.swift */; };
/* End PBXBuildFile section */

/* Begin PBXFileReference section */
		16EEC3AC68EED8880B07353F /* Pods_InfiniteScrolling.framework */ = {isa = PBXFileReference; explicitFileType = wrapper.framework; includeInIndex = 0; path = Pods_InfiniteScrolling.framework; sourceTree = BUILT_PRODUCTS_DIR; };
		18C25174DD87772D9EB14F9C /* Pods-InfiniteScrolling.release.xcconfig */ = {isa = PBXFileReference; includeInIndex = 1; lastKnownFileType = text.xcconfig; name = "Pods-InfiniteScrolling.release.xcconfig"; path = "Pods/Target Support Files/Pods-InfiniteScrolling/Pods-InfiniteScrolling.release.xcconfig"; sourceTree = "<group>"; };
		3723D2C31E9FCE9C00FDD397 /* Data.swift */ = {isa = PBXFileReference; fileEncoding = 4; lastKnownFileType = sourcecode.swift; path = Data.swift; sourceTree = "<group>"; };
		3723D2C61EA0075B00FDD397 /* InfiniteScrolling-Bridging-Header.h */ = {isa = PBXFileReference; lastKnownFileType = sourcecode.c.h; path = "InfiniteScrolling-Bridging-Header.h"; sourceTree = "<group>"; };
		374A92681EBA73C0003CCA80 /* LoginViewController.swift */ = {isa = PBXFileReference; fileEncoding = 4; lastKnownFileType = sourcecode.swift; path = LoginViewController.swift; sourceTree = "<group>"; };
		374A926A1EBB81DF003CCA80 /* REST.swift */ = {isa = PBXFileReference; fileEncoding = 4; lastKnownFileType = sourcecode.swift; path = REST.swift; sourceTree = "<group>"; };
		374A926C1EBBBC42003CCA80 /* UserPageViewController.swift */ = {isa = PBXFileReference; fileEncoding = 4; lastKnownFileType = sourcecode.swift; path = UserPageViewController.swift; sourceTree = "<group>"; };
		374A926E1EBBBE52003CCA80 /* UserDefaults.swift */ = {isa = PBXFileReference; fileEncoding = 4; lastKnownFileType = sourcecode.swift; path = UserDefaults.swift; sourceTree = "<group>"; };
		374AA4881ECB676C003CCA80 /* BinaryTreeViewController.swift */ = {isa = PBXFileReference; fileEncoding = 4; lastKnownFileType = sourcecode.swift; path = BinaryTreeViewController.swift; sourceTree = "<group>"; };
		374AA48A1ECCD39E003CCA80 /* NonScrollBinaryTreeViewController.swift */ = {isa = PBXFileReference; fileEncoding = 4; lastKnownFileType = sourcecode.swift; path = NonScrollBinaryTreeViewController.swift; sourceTree = "<group>"; };
		3770F9811E96A89000445CDC /* InfiniteScrolling.app */ = {isa = PBXFileReference; explicitFileType = wrapper.application; includeInIndex = 0; path = InfiniteScrolling.app; sourceTree = BUILT_PRODUCTS_DIR; };
		3770F9841E96A89000445CDC /* AppDelegate.swift */ = {isa = PBXFileReference; lastKnownFileType = sourcecode.swift; path = AppDelegate.swift; sourceTree = "<group>"; };
		3770F9891E96A89000445CDC /* Base */ = {isa = PBXFileReference; lastKnownFileType = file.storyboard; name = Base; path = Base.lproj/Main.storyboard; sourceTree = "<group>"; };
		3770F98B1E96A89000445CDC /* Assets.xcassets */ = {isa = PBXFileReference; lastKnownFileType = folder.assetcatalog; path = Assets.xcassets; sourceTree = "<group>"; };
		3770F98E1E96A89000445CDC /* Base */ = {isa = PBXFileReference; lastKnownFileType = file.storyboard; name = Base; path = Base.lproj/LaunchScreen.storyboard; sourceTree = "<group>"; };
		3770F9901E96A89000445CDC /* Info.plist */ = {isa = PBXFileReference; lastKnownFileType = text.plist.xml; path = Info.plist; sourceTree = "<group>"; };
		3770F9961E96A8FD00445CDC /* Model.swift */ = {isa = PBXFileReference; fileEncoding = 4; lastKnownFileType = sourcecode.swift; path = Model.swift; sourceTree = "<group>"; };
		3790B33D1EAA5A9500F94A5F /* ScrollView.swift */ = {isa = PBXFileReference; fileEncoding = 4; lastKnownFileType = sourcecode.swift; path = ScrollView.swift; sourceTree = "<group>"; };
		50042EF1AF8B291B74C89E91 /* Pods-InfiniteScrolling.debug.xcconfig */ = {isa = PBXFileReference; includeInIndex = 1; lastKnownFileType = text.xcconfig; name = "Pods-InfiniteScrolling.debug.xcconfig"; path = "Pods/Target Support Files/Pods-InfiniteScrolling/Pods-InfiniteScrolling.debug.xcconfig"; sourceTree = "<group>"; };
/* End PBXFileReference section */

/* Begin PBXFrameworksBuildPhase section */
		3770F97E1E96A89000445CDC /* Frameworks */ = {
			isa = PBXFrameworksBuildPhase;
			buildActionMask = 2147483647;
			files = (
				2F026387A6D4FB826FD28948 /* Pods_InfiniteScrolling.framework in Frameworks */,
			);
			runOnlyForDeploymentPostprocessing = 0;
		};
/* End PBXFrameworksBuildPhase section */

/* Begin PBXGroup section */
		08E8E70FBF389B2E5882973E /* Frameworks */ = {
			isa = PBXGroup;
			children = (
				16EEC3AC68EED8880B07353F /* Pods_InfiniteScrolling.framework */,
			);
			name = Frameworks;
			sourceTree = "<group>";
		};
		3770F9781E96A89000445CDC = {
			isa = PBXGroup;
			children = (
				3770F9831E96A89000445CDC /* InfiniteScrolling */,
				3770F9821E96A89000445CDC /* Products */,
				C3F621EBEA1DA43EF2E619BE /* Pods */,
				08E8E70FBF389B2E5882973E /* Frameworks */,
			);
			sourceTree = "<group>";
		};
		3770F9821E96A89000445CDC /* Products */ = {
			isa = PBXGroup;
			children = (
				3770F9811E96A89000445CDC /* InfiniteScrolling.app */,
			);
			name = Products;
			sourceTree = "<group>";
		};
		3770F9831E96A89000445CDC /* InfiniteScrolling */ = {
			isa = PBXGroup;
			children = (
				3770F9841E96A89000445CDC /* AppDelegate.swift */,
				3790B33D1EAA5A9500F94A5F /* ScrollView.swift */,
				3770F9881E96A89000445CDC /* Main.storyboard */,
				3723D2C61EA0075B00FDD397 /* InfiniteScrolling-Bridging-Header.h */,
				3770F98B1E96A89000445CDC /* Assets.xcassets */,
				3770F98D1E96A89000445CDC /* LaunchScreen.storyboard */,
				3770F9901E96A89000445CDC /* Info.plist */,
				3770F9961E96A8FD00445CDC /* Model.swift */,
				3723D2C31E9FCE9C00FDD397 /* Data.swift */,
				374A92681EBA73C0003CCA80 /* LoginViewController.swift */,
				374A926A1EBB81DF003CCA80 /* REST.swift */,
				374A926C1EBBBC42003CCA80 /* UserPageViewController.swift */,
				374A926E1EBBBE52003CCA80 /* UserDefaults.swift */,
				374AA4881ECB676C003CCA80 /* BinaryTreeViewController.swift */,
				374AA48A1ECCD39E003CCA80 /* NonScrollBinaryTreeViewController.swift */,
			);
			path = InfiniteScrolling;
			sourceTree = "<group>";
		};
		C3F621EBEA1DA43EF2E619BE /* Pods */ = {
			isa = PBXGroup;
			children = (
				50042EF1AF8B291B74C89E91 /* Pods-InfiniteScrolling.debug.xcconfig */,
				18C25174DD87772D9EB14F9C /* Pods-InfiniteScrolling.release.xcconfig */,
			);
			name = Pods;
			sourceTree = "<group>";
		};
/* End PBXGroup section */

/* Begin PBXNativeTarget section */
		3770F9801E96A89000445CDC /* InfiniteScrolling */ = {
			isa = PBXNativeTarget;
			buildConfigurationList = 3770F9931E96A89000445CDC /* Build configuration list for PBXNativeTarget "InfiniteScrolling" */;
			buildPhases = (
				550A35363C3A5B1FCD60BC5F /* [CP] Check Pods Manifest.lock */,
				3770F97D1E96A89000445CDC /* Sources */,
				3770F97E1E96A89000445CDC /* Frameworks */,
				3770F97F1E96A89000445CDC /* Resources */,
				6F2BD02659943523ED730C86 /* [CP] Embed Pods Frameworks */,
				E80AD84AEDAFF63731A6CBFC /* [CP] Copy Pods Resources */,
			);
			buildRules = (
			);
			dependencies = (
			);
			name = InfiniteScrolling;
			productName = InfiniteScrolling;
			productReference = 3770F9811E96A89000445CDC /* InfiniteScrolling.app */;
			productType = "com.apple.product-type.application";
		};
/* End PBXNativeTarget section */

/* Begin PBXProject section */
		3770F9791E96A89000445CDC /* Project object */ = {
			isa = PBXProject;
			attributes = {
				LastSwiftUpdateCheck = 0820;
				LastUpgradeCheck = 0820;
				ORGANIZATIONNAME = DH;
				TargetAttributes = {
					3770F9801E96A89000445CDC = {
						CreatedOnToolsVersion = 8.2.1;
						DevelopmentTeam = R92756Z4HH;
						ProvisioningStyle = Automatic;
					};
				};
			};
			buildConfigurationList = 3770F97C1E96A89000445CDC /* Build configuration list for PBXProject "InfiniteScrolling" */;
			compatibilityVersion = "Xcode 3.2";
			developmentRegion = English;
			hasScannedForEncodings = 0;
			knownRegions = (
				en,
				Base,
			);
			mainGroup = 3770F9781E96A89000445CDC;
			productRefGroup = 3770F9821E96A89000445CDC /* Products */;
			projectDirPath = "";
			projectRoot = "";
			targets = (
				3770F9801E96A89000445CDC /* InfiniteScrolling */,
			);
		};
/* End PBXProject section */

/* Begin PBXResourcesBuildPhase section */
		3770F97F1E96A89000445CDC /* Resources */ = {
			isa = PBXResourcesBuildPhase;
			buildActionMask = 2147483647;
			files = (
				3770F98F1E96A89000445CDC /* LaunchScreen.storyboard in Resources */,
				3770F98C1E96A89000445CDC /* Assets.xcassets in Resources */,
				3770F98A1E96A89000445CDC /* Main.storyboard in Resources */,
			);
			runOnlyForDeploymentPostprocessing = 0;
		};
/* End PBXResourcesBuildPhase section */

/* Begin PBXShellScriptBuildPhase section */
		550A35363C3A5B1FCD60BC5F /* [CP] Check Pods Manifest.lock */ = {
			isa = PBXShellScriptBuildPhase;
			buildActionMask = 2147483647;
			files = (
			);
			inputPaths = (
			);
			name = "[CP] Check Pods Manifest.lock";
			outputPaths = (
			);
			runOnlyForDeploymentPostprocessing = 0;
			shellPath = /bin/sh;
			shellScript = "diff \"${PODS_ROOT}/../Podfile.lock\" \"${PODS_ROOT}/Manifest.lock\" > /dev/null\nif [ $? != 0 ] ; then\n    # print error to STDERR\n    echo \"error: The sandbox is not in sync with the Podfile.lock. Run 'pod install' or update your CocoaPods installation.\" >&2\n    exit 1\nfi\n";
			showEnvVarsInLog = 0;
		};
		6F2BD02659943523ED730C86 /* [CP] Embed Pods Frameworks */ = {
			isa = PBXShellScriptBuildPhase;
			buildActionMask = 2147483647;
			files = (
			);
			inputPaths = (
			);
			name = "[CP] Embed Pods Frameworks";
			outputPaths = (
			);
			runOnlyForDeploymentPostprocessing = 0;
			shellPath = /bin/sh;
			shellScript = "\"${SRCROOT}/Pods/Target Support Files/Pods-InfiniteScrolling/Pods-InfiniteScrolling-frameworks.sh\"\n";
			showEnvVarsInLog = 0;
		};
		E80AD84AEDAFF63731A6CBFC /* [CP] Copy Pods Resources */ = {
			isa = PBXShellScriptBuildPhase;
			buildActionMask = 2147483647;
			files = (
			);
			inputPaths = (
			);
			name = "[CP] Copy Pods Resources";
			outputPaths = (
			);
			runOnlyForDeploymentPostprocessing = 0;
			shellPath = /bin/sh;
			shellScript = "\"${SRCROOT}/Pods/Target Support Files/Pods-InfiniteScrolling/Pods-InfiniteScrolling-resources.sh\"\n";
			showEnvVarsInLog = 0;
		};
/* End PBXShellScriptBuildPhase section */

/* Begin PBXSourcesBuildPhase section */
		3770F97D1E96A89000445CDC /* Sources */ = {
			isa = PBXSourcesBuildPhase;
			buildActionMask = 2147483647;
			files = (
				374AA48B1ECCD39E003CCA80 /* NonScrollBinaryTreeViewController.swift in Sources */,
				3790B33E1EAA5A9500F94A5F /* ScrollView.swift in Sources */,
				3770F9971E96A8FD00445CDC /* Model.swift in Sources */,
				374A926D1EBBBC42003CCA80 /* UserPageViewController.swift in Sources */,
				374A926B1EBB81DF003CCA80 /* REST.swift in Sources */,
				374A92691EBA73C0003CCA80 /* LoginViewController.swift in Sources */,
				374A926F1EBBBE52003CCA80 /* UserDefaults.swift in Sources */,
				374AA4891ECB676C003CCA80 /* BinaryTreeViewController.swift in Sources */,
				3770F9851E96A89000445CDC /* AppDelegate.swift in Sources */,
				3723D2C41E9FCE9C00FDD397 /* Data.swift in Sources */,
			);
			runOnlyForDeploymentPostprocessing = 0;
		};
/* End PBXSourcesBuildPhase section */

/* Begin PBXVariantGroup section */
		3770F9881E96A89000445CDC /* Main.storyboard */ = {
			isa = PBXVariantGroup;
			children = (
				3770F9891E96A89000445CDC /* Base */,
			);
			name = Main.storyboard;
			sourceTree = "<group>";
		};
		3770F98D1E96A89000445CDC /* LaunchScreen.storyboard */ = {
			isa = PBXVariantGroup;
			children = (
				3770F98E1E96A89000445CDC /* Base */,
			);
			name = LaunchScreen.storyboard;
			sourceTree = "<group>";
		};
/* End PBXVariantGroup section */

/* Begin XCBuildConfiguration section */
		3770F9911E96A89000445CDC /* Debug */ = {
			isa = XCBuildConfiguration;
			buildSettings = {
				ALWAYS_SEARCH_USER_PATHS = NO;
				CLANG_ANALYZER_NONNULL = YES;
				CLANG_CXX_LANGUAGE_STANDARD = "gnu++0x";
				CLANG_CXX_LIBRARY = "libc++";
				CLANG_ENABLE_MODULES = YES;
				CLANG_ENABLE_OBJC_ARC = YES;
				CLANG_WARN_BOOL_CONVERSION = YES;
				CLANG_WARN_CONSTANT_CONVERSION = YES;
				CLANG_WARN_DIRECT_OBJC_ISA_USAGE = YES_ERROR;
				CLANG_WARN_DOCUMENTATION_COMMENTS = YES;
				CLANG_WARN_EMPTY_BODY = YES;
				CLANG_WARN_ENUM_CONVERSION = YES;
				CLANG_WARN_INFINITE_RECURSION = YES;
				CLANG_WARN_INT_CONVERSION = YES;
				CLANG_WARN_OBJC_ROOT_CLASS = YES_ERROR;
				CLANG_WARN_SUSPICIOUS_MOVE = YES;
				CLANG_WARN_UNREACHABLE_CODE = YES;
				CLANG_WARN__DUPLICATE_METHOD_MATCH = YES;
				"CODE_SIGN_IDENTITY[sdk=iphoneos*]" = "iPhone Developer";
				COPY_PHASE_STRIP = NO;
				DEBUG_INFORMATION_FORMAT = dwarf;
				ENABLE_STRICT_OBJC_MSGSEND = YES;
				ENABLE_TESTABILITY = YES;
				GCC_C_LANGUAGE_STANDARD = gnu99;
				GCC_DYNAMIC_NO_PIC = NO;
				GCC_NO_COMMON_BLOCKS = YES;
				GCC_OPTIMIZATION_LEVEL = 0;
				GCC_PREPROCESSOR_DEFINITIONS = (
					"DEBUG=1",
					"$(inherited)",
				);
				GCC_WARN_64_TO_32_BIT_CONVERSION = YES;
				GCC_WARN_ABOUT_RETURN_TYPE = YES_ERROR;
				GCC_WARN_UNDECLARED_SELECTOR = YES;
				GCC_WARN_UNINITIALIZED_AUTOS = YES_AGGRESSIVE;
				GCC_WARN_UNUSED_FUNCTION = YES;
				GCC_WARN_UNUSED_VARIABLE = YES;
				IPHONEOS_DEPLOYMENT_TARGET = 10.2;
				MTL_ENABLE_DEBUG_INFO = YES;
				ONLY_ACTIVE_ARCH = YES;
				SDKROOT = iphoneos;
				SWIFT_ACTIVE_COMPILATION_CONDITIONS = DEBUG;
				SWIFT_OPTIMIZATION_LEVEL = "-Onone";
			};
			name = Debug;
		};
		3770F9921E96A89000445CDC /* Release */ = {
			isa = XCBuildConfiguration;
			buildSettings = {
				ALWAYS_SEARCH_USER_PATHS = NO;
				CLANG_ANALYZER_NONNULL = YES;
				CLANG_CXX_LANGUAGE_STANDARD = "gnu++0x";
				CLANG_CXX_LIBRARY = "libc++";
				CLANG_ENABLE_MODULES = YES;
				CLANG_ENABLE_OBJC_ARC = YES;
				CLANG_WARN_BOOL_CONVERSION = YES;
				CLANG_WARN_CONSTANT_CONVERSION = YES;
				CLANG_WARN_DIRECT_OBJC_ISA_USAGE = YES_ERROR;
				CLANG_WARN_DOCUMENTATION_COMMENTS = YES;
				CLANG_WARN_EMPTY_BODY = YES;
				CLANG_WARN_ENUM_CONVERSION = YES;
				CLANG_WARN_INFINITE_RECURSION = YES;
				CLANG_WARN_INT_CONVERSION = YES;
				CLANG_WARN_OBJC_ROOT_CLASS = YES_ERROR;
				CLANG_WARN_SUSPICIOUS_MOVE = YES;
				CLANG_WARN_UNREACHABLE_CODE = YES;
				CLANG_WARN__DUPLICATE_METHOD_MATCH = YES;
				"CODE_SIGN_IDENTITY[sdk=iphoneos*]" = "iPhone Developer";
				COPY_PHASE_STRIP = NO;
				DEBUG_INFORMATION_FORMAT = "dwarf-with-dsym";
				ENABLE_NS_ASSERTIONS = NO;
				ENABLE_STRICT_OBJC_MSGSEND = YES;
				GCC_C_LANGUAGE_STANDARD = gnu99;
				GCC_NO_COMMON_BLOCKS = YES;
				GCC_WARN_64_TO_32_BIT_CONVERSION = YES;
				GCC_WARN_ABOUT_RETURN_TYPE = YES_ERROR;
				GCC_WARN_UNDECLARED_SELECTOR = YES;
				GCC_WARN_UNINITIALIZED_AUTOS = YES_AGGRESSIVE;
				GCC_WARN_UNUSED_FUNCTION = YES;
				GCC_WARN_UNUSED_VARIABLE = YES;
				IPHONEOS_DEPLOYMENT_TARGET = 10.2;
				MTL_ENABLE_DEBUG_INFO = NO;
				SDKROOT = iphoneos;
				SWIFT_OPTIMIZATION_LEVEL = "-Owholemodule";
				VALIDATE_PRODUCT = YES;
			};
			name = Release;
		};
		3770F9941E96A89000445CDC /* Debug */ = {
			isa = XCBuildConfiguration;
			baseConfigurationReference = 50042EF1AF8B291B74C89E91 /* Pods-InfiniteScrolling.debug.xcconfig */;
			buildSettings = {
				ASSETCATALOG_COMPILER_APPICON_NAME = AppIcon;
				DEVELOPMENT_TEAM = R92756Z4HH;
				INFOPLIST_FILE = InfiniteScrolling/Info.plist;
				LD_RUNPATH_SEARCH_PATHS = "$(inherited) @executable_path/Frameworks";
				PRODUCT_BUNDLE_IDENTIFIER = com.danhefter.InfiniteScrolling;
				PRODUCT_NAME = "$(TARGET_NAME)";
				SWIFT_OBJC_BRIDGING_HEADER = "/Users/Dan 1/Desktop/Superbright/Limitless_Nav/InfiniteScrolling/InfiniteScrolling/InfiniteScrolling-Bridging-Header.h";
				SWIFT_VERSION = 3.0;
			};
			name = Debug;
		};
		3770F9951E96A89000445CDC /* Release */ = {
			isa = XCBuildConfiguration;
			baseConfigurationReference = 18C25174DD87772D9EB14F9C /* Pods-InfiniteScrolling.release.xcconfig */;
			buildSettings = {
				ASSETCATALOG_COMPILER_APPICON_NAME = AppIcon;
				DEVELOPMENT_TEAM = R92756Z4HH;
				INFOPLIST_FILE = InfiniteScrolling/Info.plist;
				LD_RUNPATH_SEARCH_PATHS = "$(inherited) @executable_path/Frameworks";
				PRODUCT_BUNDLE_IDENTIFIER = com.danhefter.InfiniteScrolling;
				PRODUCT_NAME = "$(TARGET_NAME)";
				SWIFT_OBJC_BRIDGING_HEADER = "/Users/Dan 1/Desktop/Superbright/Limitless_Nav/InfiniteScrolling/InfiniteScrolling/InfiniteScrolling-Bridging-Header.h";
				SWIFT_VERSION = 3.0;
			};
			name = Release;
		};
/* End XCBuildConfiguration section */

/* Begin XCConfigurationList section */
		3770F97C1E96A89000445CDC /* Build configuration list for PBXProject "InfiniteScrolling" */ = {
			isa = XCConfigurationList;
			buildConfigurations = (
				3770F9911E96A89000445CDC /* Debug */,
				3770F9921E96A89000445CDC /* Release */,
			);
			defaultConfigurationIsVisible = 0;
			defaultConfigurationName = Release;
		};
		3770F9931E96A89000445CDC /* Build configuration list for PBXNativeTarget "InfiniteScrolling" */ = {
			isa = XCConfigurationList;
			buildConfigurations = (
				3770F9941E96A89000445CDC /* Debug */,
				3770F9951E96A89000445CDC /* Release */,
			);
			defaultConfigurationIsVisible = 0;
			defaultConfigurationName = Release;
		};
/* End XCConfigurationList section */
	};
	rootObject = 3770F9791E96A89000445CDC /* Project object */;
}
